
Microsoft Visual Studio Solution File, Format Version 12.00
# Visual Studio 15
VisualStudioVersion = 15.0.27130.0
MinimumVisualStudioVersion = 10.0.40219.1
Project("{FAE04EC0-301F-11D3-BF4B-00C04F79EFBC}") = "ContosoCookbook.Android", "ContosoCookbook.Android\ContosoCookbook.Android.csproj", "{4CF846F7-DA53-4CF0-8F20-804F78EC5E8A}"
EndProject
Project("{FAE04EC0-301F-11D3-BF4B-00C04F79EFBC}") = "ContosoCookbook.iOS", "ContosoCookbook.iOS\ContosoCookbook.iOS.csproj", "{026BDBCC-F34B-45C6-901C-8D8D0C300CCC}"
EndProject
Project("{FAE04EC0-301F-11D3-BF4B-00C04F79EFBC}") = "ContosoCookbook.UWP", "ContosoCookbook.UWP\ContosoCookbook.UWP.csproj", "{B0F7F68E-A0F4-4296-BECE-8B93E8843A8D}"
EndProject
Project("{FAE04EC0-301F-11D3-BF4B-00C04F79EFBC}") = "ContosoCookbook", "ContosoCookbook\ContosoCookbook.csproj", "{BB127DB5-85A0-41DC-9D08-A7A055DA6F42}"
EndProject
Global
	GlobalSection(SolutionConfigurationPlatforms) = preSolution
		Ad-Hoc|Any CPU = Ad-Hoc|Any CPU
		Ad-Hoc|ARM = Ad-Hoc|ARM
		Ad-Hoc|iPhone = Ad-Hoc|iPhone
		Ad-Hoc|iPhoneSimulator = Ad-Hoc|iPhoneSimulator
		Ad-Hoc|x64 = Ad-Hoc|x64
		Ad-Hoc|x86 = Ad-Hoc|x86
		AppStore|Any CPU = AppStore|Any CPU
		AppStore|ARM = AppStore|ARM
		AppStore|iPhone = AppStore|iPhone
		AppStore|iPhoneSimulator = AppStore|iPhoneSimulator
		AppStore|x64 = AppStore|x64
		AppStore|x86 = AppStore|x86
		Debug|Any CPU = Debug|Any CPU
		Debug|ARM = Debug|ARM
		Debug|iPhone = Debug|iPhone
		Debug|iPhoneSimulator = Debug|iPhoneSimulator
		Debug|x64 = Debug|x64
		Debug|x86 = Debug|x86
		Release|Any CPU = Release|Any CPU
		Release|ARM = Release|ARM
		Release|iPhone = Release|iPhone
		Release|iPhoneSimulator = Release|iPhoneSimulator
		Release|x64 = Release|x64
		Release|x86 = Release|x86
	EndGlobalSection
	GlobalSection(ProjectConfigurationPlatforms) = postSolution
		{4CF846F7-DA53-4CF0-8F20-804F78EC5E8A}.Ad-Hoc|Any CPU.ActiveCfg = Release|Any CPU
		{4CF846F7-DA53-4CF0-8F20-804F78EC5E8A}.Ad-Hoc|Any CPU.Build.0 = Release|Any CPU
		{4CF846F7-DA53-4CF0-8F20-804F78EC5E8A}.Ad-Hoc|Any CPU.Deploy.0 = Release|Any CPU
		{4CF846F7-DA53-4CF0-8F20-804F78EC5E8A}.Ad-Hoc|ARM.ActiveCfg = Release|Any CPU
		{4CF846F7-DA53-4CF0-8F20-804F78EC5E8A}.Ad-Hoc|ARM.Build.0 = Release|Any CPU
		{4CF846F7-DA53-4CF0-8F20-804F78EC5E8A}.Ad-Hoc|ARM.Deploy.0 = Release|Any CPU
		{4CF846F7-DA53-4CF0-8F20-804F78EC5E8A}.Ad-Hoc|iPhone.ActiveCfg = Release|Any CPU
		{4CF846F7-DA53-4CF0-8F20-804F78EC5E8A}.Ad-Hoc|iPhone.Build.0 = Release|Any CPU
		{4CF846F7-DA53-4CF0-8F20-804F78EC5E8A}.Ad-Hoc|iPhone.Deploy.0 = Release|Any CPU
		{4CF846F7-DA53-4CF0-8F20-804F78EC5E8A}.Ad-Hoc|iPhoneSimulator.ActiveCfg = Release|Any CPU
		{4CF846F7-DA53-4CF0-8F20-804F78EC5E8A}.Ad-Hoc|iPhoneSimulator.Build.0 = Release|Any CPU
		{4CF846F7-DA53-4CF0-8F20-804F78EC5E8A}.Ad-Hoc|iPhoneSimulator.Deploy.0 = Release|Any CPU
		{4CF846F7-DA53-4CF0-8F20-804F78EC5E8A}.Ad-Hoc|x64.ActiveCfg = Release|Any CPU
		{4CF846F7-DA53-4CF0-8F20-804F78EC5E8A}.Ad-Hoc|x64.Build.0 = Release|Any CPU
		{4CF846F7-DA53-4CF0-8F20-804F78EC5E8A}.Ad-Hoc|x64.Deploy.0 = Release|Any CPU
		{4CF846F7-DA53-4CF0-8F20-804F78EC5E8A}.Ad-Hoc|x86.ActiveCfg = Release|Any CPU
		{4CF846F7-DA53-4CF0-8F20-804F78EC5E8A}.Ad-Hoc|x86.Build.0 = Release|Any CPU
		{4CF846F7-DA53-4CF0-8F20-804F78EC5E8A}.Ad-Hoc|x86.Deploy.0 = Release|Any CPU
		{4CF846F7-DA53-4CF0-8F20-804F78EC5E8A}.AppStore|Any CPU.ActiveCfg = Release|Any CPU
		{4CF846F7-DA53-4CF0-8F20-804F78EC5E8A}.AppStore|Any CPU.Build.0 = Release|Any CPU
		{4CF846F7-DA53-4CF0-8F20-804F78EC5E8A}.AppStore|Any CPU.Deploy.0 = Release|Any CPU
		{4CF846F7-DA53-4CF0-8F20-804F78EC5E8A}.AppStore|ARM.ActiveCfg = Release|Any CPU
		{4CF846F7-DA53-4CF0-8F20-804F78EC5E8A}.AppStore|ARM.Build.0 = Release|Any CPU
		{4CF846F7-DA53-4CF0-8F20-804F78EC5E8A}.AppStore|ARM.Deploy.0 = Release|Any CPU
		{4CF846F7-DA53-4CF0-8F20-804F78EC5E8A}.AppStore|iPhone.ActiveCfg = Release|Any CPU
		{4CF846F7-DA53-4CF0-8F20-804F78EC5E8A}.AppStore|iPhone.Build.0 = Release|Any CPU
		{4CF846F7-DA53-4CF0-8F20-804F78EC5E8A}.AppStore|iPhone.Deploy.0 = Release|Any CPU
		{4CF846F7-DA53-4CF0-8F20-804F78EC5E8A}.AppStore|iPhoneSimulator.ActiveCfg = Release|Any CPU
		{4CF846F7-DA53-4CF0-8F20-804F78EC5E8A}.AppStore|iPhoneSimulator.Build.0 = Release|Any CPU
		{4CF846F7-DA53-4CF0-8F20-804F78EC5E8A}.AppStore|iPhoneSimulator.Deploy.0 = Release|Any CPU
		{4CF846F7-DA53-4CF0-8F20-804F78EC5E8A}.AppStore|x64.ActiveCfg = Release|Any CPU
		{4CF846F7-DA53-4CF0-8F20-804F78EC5E8A}.AppStore|x64.Build.0 = Release|Any CPU
		{4CF846F7-DA53-4CF0-8F20-804F78EC5E8A}.AppStore|x64.Deploy.0 = Release|Any CPU
		{4CF846F7-DA53-4CF0-8F20-804F78EC5E8A}.AppStore|x86.ActiveCfg = Release|Any CPU
		{4CF846F7-DA53-4CF0-8F20-804F78EC5E8A}.AppStore|x86.Build.0 = Release|Any CPU
		{4CF846F7-DA53-4CF0-8F20-804F78EC5E8A}.AppStore|x86.Deploy.0 = Release|Any CPU
		{4CF846F7-DA53-4CF0-8F20-804F78EC5E8A}.Debug|Any CPU.ActiveCfg = Debug|Any CPU
		{4CF846F7-DA53-4CF0-8F20-804F78EC5E8A}.Debug|Any CPU.Build.0 = Debug|Any CPU
		{4CF846F7-DA53-4CF0-8F20-804F78EC5E8A}.Debug|Any CPU.Deploy.0 = Debug|Any CPU
		{4CF846F7-DA53-4CF0-8F20-804F78EC5E8A}.Debug|ARM.ActiveCfg = Debug|Any CPU
		{4CF846F7-DA53-4CF0-8F20-804F78EC5E8A}.Debug|ARM.Build.0 = Debug|Any CPU
		{4CF846F7-DA53-4CF0-8F20-804F78EC5E8A}.Debug|ARM.Deploy.0 = Debug|Any CPU
		{4CF846F7-DA53-4CF0-8F20-804F78EC5E8A}.Debug|iPhone.ActiveCfg = Debug|Any CPU
		{4CF846F7-DA53-4CF0-8F20-804F78EC5E8A}.Debug|iPhone.Build.0 = Debug|Any CPU
		{4CF846F7-DA53-4CF0-8F20-804F78EC5E8A}.Debug|iPhone.Deploy.0 = Debug|Any CPU
		{4CF846F7-DA53-4CF0-8F20-804F78EC5E8A}.Debug|iPhoneSimulator.ActiveCfg = Debug|Any CPU
		{4CF846F7-DA53-4CF0-8F20-804F78EC5E8A}.Debug|iPhoneSimulator.Build.0 = Debug|Any CPU
		{4CF846F7-DA53-4CF0-8F20-804F78EC5E8A}.Debug|iPhoneSimulator.Deploy.0 = Debug|Any CPU
		{4CF846F7-DA53-4CF0-8F20-804F78EC5E8A}.Debug|x64.ActiveCfg = Debug|Any CPU
		{4CF846F7-DA53-4CF0-8F20-804F78EC5E8A}.Debug|x64.Build.0 = Debug|Any CPU
		{4CF846F7-DA53-4CF0-8F20-804F78EC5E8A}.Debug|x64.Deploy.0 = Debug|Any CPU
		{4CF846F7-DA53-4CF0-8F20-804F78EC5E8A}.Debug|x86.ActiveCfg = Debug|Any CPU
		{4CF846F7-DA53-4CF0-8F20-804F78EC5E8A}.Debug|x86.Build.0 = Debug|Any CPU
		{4CF846F7-DA53-4CF0-8F20-804F78EC5E8A}.Debug|x86.Deploy.0 = Debug|Any CPU
		{4CF846F7-DA53-4CF0-8F20-804F78EC5E8A}.Release|Any CPU.ActiveCfg = Release|Any CPU
		{4CF846F7-DA53-4CF0-8F20-804F78EC5E8A}.Release|Any CPU.Build.0 = Release|Any CPU
		{4CF846F7-DA53-4CF0-8F20-804F78EC5E8A}.Release|Any CPU.Deploy.0 = Release|Any CPU
		{4CF846F7-DA53-4CF0-8F20-804F78EC5E8A}.Release|ARM.ActiveCfg = Release|Any CPU
		{4CF846F7-DA53-4CF0-8F20-804F78EC5E8A}.Release|ARM.Build.0 = Release|Any CPU
		{4CF846F7-DA53-4CF0-8F20-804F78EC5E8A}.Release|ARM.Deploy.0 = Release|Any CPU
		{4CF846F7-DA53-4CF0-8F20-804F78EC5E8A}.Release|iPhone.ActiveCfg = Release|Any CPU
		{4CF846F7-DA53-4CF0-8F20-804F78EC5E8A}.Release|iPhone.Build.0 = Release|Any CPU
		{4CF846F7-DA53-4CF0-8F20-804F78EC5E8A}.Release|iPhone.Deploy.0 = Release|Any CPU
		{4CF846F7-DA53-4CF0-8F20-804F78EC5E8A}.Release|iPhoneSimulator.ActiveCfg = Release|Any CPU
		{4CF846F7-DA53-4CF0-8F20-804F78EC5E8A}.Release|iPhoneSimulator.Build.0 = Release|Any CPU
		{4CF846F7-DA53-4CF0-8F20-804F78EC5E8A}.Release|iPhoneSimulator.Deploy.0 = Release|Any CPU
		{4CF846F7-DA53-4CF0-8F20-804F78EC5E8A}.Release|x64.ActiveCfg = Release|Any CPU
		{4CF846F7-DA53-4CF0-8F20-804F78EC5E8A}.Release|x64.Build.0 = Release|Any CPU
		{4CF846F7-DA53-4CF0-8F20-804F78EC5E8A}.Release|x64.Deploy.0 = Release|Any CPU
		{4CF846F7-DA53-4CF0-8F20-804F78EC5E8A}.Release|x86.ActiveCfg = Release|Any CPU
		{4CF846F7-DA53-4CF0-8F20-804F78EC5E8A}.Release|x86.Build.0 = Release|Any CPU
		{4CF846F7-DA53-4CF0-8F20-804F78EC5E8A}.Release|x86.Deploy.0 = Release|Any CPU
		{026BDBCC-F34B-45C6-901C-8D8D0C300CCC}.Ad-Hoc|Any CPU.ActiveCfg = Ad-Hoc|iPhone
		{026BDBCC-F34B-45C6-901C-8D8D0C300CCC}.Ad-Hoc|ARM.ActiveCfg = Ad-Hoc|iPhone
		{026BDBCC-F34B-45C6-901C-8D8D0C300CCC}.Ad-Hoc|iPhone.ActiveCfg = Ad-Hoc|iPhone
		{026BDBCC-F34B-45C6-901C-8D8D0C300CCC}.Ad-Hoc|iPhone.Build.0 = Ad-Hoc|iPhone
		{026BDBCC-F34B-45C6-901C-8D8D0C300CCC}.Ad-Hoc|iPhoneSimulator.ActiveCfg = Ad-Hoc|iPhoneSimulator
		{026BDBCC-F34B-45C6-901C-8D8D0C300CCC}.Ad-Hoc|iPhoneSimulator.Build.0 = Ad-Hoc|iPhoneSimulator
		{026BDBCC-F34B-45C6-901C-8D8D0C300CCC}.Ad-Hoc|x64.ActiveCfg = Ad-Hoc|iPhone
		{026BDBCC-F34B-45C6-901C-8D8D0C300CCC}.Ad-Hoc|x86.ActiveCfg = Ad-Hoc|iPhone
		{026BDBCC-F34B-45C6-901C-8D8D0C300CCC}.AppStore|Any CPU.ActiveCfg = AppStore|iPhone
		{026BDBCC-F34B-45C6-901C-8D8D0C300CCC}.AppStore|ARM.ActiveCfg = AppStore|iPhone
		{026BDBCC-F34B-45C6-901C-8D8D0C300CCC}.AppStore|iPhone.ActiveCfg = AppStore|iPhone
		{026BDBCC-F34B-45C6-901C-8D8D0C300CCC}.AppStore|iPhone.Build.0 = AppStore|iPhone
		{026BDBCC-F34B-45C6-901C-8D8D0C300CCC}.AppStore|iPhoneSimulator.ActiveCfg = AppStore|iPhoneSimulator
		{026BDBCC-F34B-45C6-901C-8D8D0C300CCC}.AppStore|iPhoneSimulator.Build.0 = AppStore|iPhoneSimulator
		{026BDBCC-F34B-45C6-901C-8D8D0C300CCC}.AppStore|x64.ActiveCfg = AppStore|iPhone
		{026BDBCC-F34B-45C6-901C-8D8D0C300CCC}.AppStore|x86.ActiveCfg = AppStore|iPhone
		{026BDBCC-F34B-45C6-901C-8D8D0C300CCC}.Debug|Any CPU.ActiveCfg = Debug|iPhone
		{026BDBCC-F34B-45C6-901C-8D8D0C300CCC}.Debug|ARM.ActiveCfg = Debug|iPhone
		{026BDBCC-F34B-45C6-901C-8D8D0C300CCC}.Debug|iPhone.ActiveCfg = Debug|iPhone
		{026BDBCC-F34B-45C6-901C-8D8D0C300CCC}.Debug|iPhone.Build.0 = Debug|iPhone
		{026BDBCC-F34B-45C6-901C-8D8D0C300CCC}.Debug|iPhoneSimulator.ActiveCfg = Debug|iPhoneSimulator
		{026BDBCC-F34B-45C6-901C-8D8D0C300CCC}.Debug|iPhoneSimulator.Build.0 = Debug|iPhoneSimulator
		{026BDBCC-F34B-45C6-901C-8D8D0C300CCC}.Debug|x64.ActiveCfg = Debug|iPhone
		{026BDBCC-F34B-45C6-901C-8D8D0C300CCC}.Debug|x86.ActiveCfg = Debug|iPhone
		{026BDBCC-F34B-45C6-901C-8D8D0C300CCC}.Release|Any CPU.ActiveCfg = Release|iPhone
		{026BDBCC-F34B-45C6-901C-8D8D0C300CCC}.Release|ARM.ActiveCfg = Release|iPhone
		{026BDBCC-F34B-45C6-901C-8D8D0C300CCC}.Release|iPhone.ActiveCfg = Release|iPhone
		{026BDBCC-F34B-45C6-901C-8D8D0C300CCC}.Release|iPhone.Build.0 = Release|iPhone
		{026BDBCC-F34B-45C6-901C-8D8D0C300CCC}.Release|iPhoneSimulator.ActiveCfg = Release|iPhoneSimulator
		{026BDBCC-F34B-45C6-901C-8D8D0C300CCC}.Release|iPhoneSimulator.Build.0 = Release|iPhoneSimulator
		{026BDBCC-F34B-45C6-901C-8D8D0C300CCC}.Release|x64.ActiveCfg = Release|iPhone
		{026BDBCC-F34B-45C6-901C-8D8D0C300CCC}.Release|x86.ActiveCfg = Release|iPhone
		{B0F7F68E-A0F4-4296-BECE-8B93E8843A8D}.Ad-Hoc|Any CPU.ActiveCfg = Release|x86
		{B0F7F68E-A0F4-4296-BECE-8B93E8843A8D}.Ad-Hoc|Any CPU.Build.0 = Release|x86
		{B0F7F68E-A0F4-4296-BECE-8B93E8843A8D}.Ad-Hoc|Any CPU.Deploy.0 = Release|x86
		{B0F7F68E-A0F4-4296-BECE-8B93E8843A8D}.Ad-Hoc|ARM.ActiveCfg = Release|ARM
		{B0F7F68E-A0F4-4296-BECE-8B93E8843A8D}.Ad-Hoc|ARM.Build.0 = Release|ARM
		{B0F7F68E-A0F4-4296-BECE-8B93E8843A8D}.Ad-Hoc|ARM.Deploy.0 = Release|ARM
		{B0F7F68E-A0F4-4296-BECE-8B93E8843A8D}.Ad-Hoc|iPhone.ActiveCfg = Release|x86
		{B0F7F68E-A0F4-4296-BECE-8B93E8843A8D}.Ad-Hoc|iPhone.Build.0 = Release|x86
		{B0F7F68E-A0F4-4296-BECE-8B93E8843A8D}.Ad-Hoc|iPhone.Deploy.0 = Release|x86
		{B0F7F68E-A0F4-4296-BECE-8B93E8843A8D}.Ad-Hoc|iPhoneSimulator.ActiveCfg = Release|x86
		{B0F7F68E-A0F4-4296-BECE-8B93E8843A8D}.Ad-Hoc|iPhoneSimulator.Build.0 = Release|x86
		{B0F7F68E-A0F4-4296-BECE-8B93E8843A8D}.Ad-Hoc|iPhoneSimulator.Deploy.0 = Release|x86
		{B0F7F68E-A0F4-4296-BECE-8B93E8843A8D}.Ad-Hoc|x64.ActiveCfg = Release|x64
		{B0F7F68E-A0F4-4296-BECE-8B93E8843A8D}.Ad-Hoc|x64.Build.0 = Release|x64
		{B0F7F68E-A0F4-4296-BECE-8B93E8843A8D}.Ad-Hoc|x64.Deploy.0 = Release|x64
		{B0F7F68E-A0F4-4296-BECE-8B93E8843A8D}.Ad-Hoc|x86.ActiveCfg = Release|x86
		{B0F7F68E-A0F4-4296-BECE-8B93E8843A8D}.Ad-Hoc|x86.Build.0 = Release|x86
		{B0F7F68E-A0F4-4296-BECE-8B93E8843A8D}.Ad-Hoc|x86.Deploy.0 = Release|x86
		{B0F7F68E-A0F4-4296-BECE-8B93E8843A8D}.AppStore|Any CPU.ActiveCfg = Release|x86
		{B0F7F68E-A0F4-4296-BECE-8B93E8843A8D}.AppStore|Any CPU.Build.0 = Release|x86
		{B0F7F68E-A0F4-4296-BECE-8B93E8843A8D}.AppStore|Any CPU.Deploy.0 = Release|x86
		{B0F7F68E-A0F4-4296-BECE-8B93E8843A8D}.AppStore|ARM.ActiveCfg = Release|ARM
		{B0F7F68E-A0F4-4296-BECE-8B93E8843A8D}.AppStore|ARM.Build.0 = Release|ARM
		{B0F7F68E-A0F4-4296-BECE-8B93E8843A8D}.AppStore|ARM.Deploy.0 = Release|ARM
		{B0F7F68E-A0F4-4296-BECE-8B93E8843A8D}.AppStore|iPhone.ActiveCfg = Release|x86
		{B0F7F68E-A0F4-4296-BECE-8B93E8843A8D}.AppStore|iPhone.Build.0 = Release|x86
		{B0F7F68E-A0F4-4296-BECE-8B93E8843A8D}.AppStore|iPhone.Deploy.0 = Release|x86
		{B0F7F68E-A0F4-4296-BECE-8B93E8843A8D}.AppStore|iPhoneSimulator.ActiveCfg = Release|x86
		{B0F7F68E-A0F4-4296-BECE-8B93E8843A8D}.AppStore|iPhoneSimulator.Build.0 = Release|x86
		{B0F7F68E-A0F4-4296-BECE-8B93E8843A8D}.AppStore|iPhoneSimulator.Deploy.0 = Release|x86
		{B0F7F68E-A0F4-4296-BECE-8B93E8843A8D}.AppStore|x64.ActiveCfg = Release|x64
		{B0F7F68E-A0F4-4296-BECE-8B93E8843A8D}.AppStore|x64.Build.0 = Release|x64
		{B0F7F68E-A0F4-4296-BECE-8B93E8843A8D}.AppStore|x64.Deploy.0 = Release|x64
		{B0F7F68E-A0F4-4296-BECE-8B93E8843A8D}.AppStore|x86.ActiveCfg = Release|x86
		{B0F7F68E-A0F4-4296-BECE-8B93E8843A8D}.AppStore|x86.Build.0 = Release|x86
		{B0F7F68E-A0F4-4296-BECE-8B93E8843A8D}.AppStore|x86.Deploy.0 = Release|x86
		{B0F7F68E-A0F4-4296-BECE-8B93E8843A8D}.Debug|Any CPU.ActiveCfg = Debug|x86
		{B0F7F68E-A0F4-4296-BECE-8B93E8843A8D}.Debug|ARM.ActiveCfg = Debug|ARM
		{B0F7F68E-A0F4-4296-BECE-8B93E8843A8D}.Debug|ARM.Build.0 = Debug|ARM
		{B0F7F68E-A0F4-4296-BECE-8B93E8843A8D}.Debug|ARM.Deploy.0 = Debug|ARM
		{B0F7F68E-A0F4-4296-BECE-8B93E8843A8D}.Debug|iPhone.ActiveCfg = Debug|x86
		{B0F7F68E-A0F4-4296-BECE-8B93E8843A8D}.Debug|iPhoneSimulator.ActiveCfg = Debug|x86
		{B0F7F68E-A0F4-4296-BECE-8B93E8843A8D}.Debug|x64.ActiveCfg = Debug|x64
		{B0F7F68E-A0F4-4296-BECE-8B93E8843A8D}.Debug|x64.Build.0 = Debug|x64
		{B0F7F68E-A0F4-4296-BECE-8B93E8843A8D}.Debug|x64.Deploy.0 = Debug|x64
		{B0F7F68E-A0F4-4296-BECE-8B93E8843A8D}.Debug|x86.ActiveCfg = Debug|x86
		{B0F7F68E-A0F4-4296-BECE-8B93E8843A8D}.Debug|x86.Build.0 = Debug|x86
		{B0F7F68E-A0F4-4296-BECE-8B93E8843A8D}.Debug|x86.Deploy.0 = Debug|x86
		{B0F7F68E-A0F4-4296-BECE-8B93E8843A8D}.Release|Any CPU.ActiveCfg = Release|x86
		{B0F7F68E-A0F4-4296-BECE-8B93E8843A8D}.Release|ARM.ActiveCfg = Release|ARM
		{B0F7F68E-A0F4-4296-BECE-8B93E8843A8D}.Release|ARM.Build.0 = Release|ARM
		{B0F7F68E-A0F4-4296-BECE-8B93E8843A8D}.Release|ARM.Deploy.0 = Release|ARM
		{B0F7F68E-A0F4-4296-BECE-8B93E8843A8D}.Release|iPhone.ActiveCfg = Release|x86
		{B0F7F68E-A0F4-4296-BECE-8B93E8843A8D}.Release|iPhoneSimulator.ActiveCfg = Release|x86
		{B0F7F68E-A0F4-4296-BECE-8B93E8843A8D}.Release|x64.ActiveCfg = Release|x64
		{B0F7F68E-A0F4-4296-BECE-8B93E8843A8D}.Release|x64.Build.0 = Release|x64
		{B0F7F68E-A0F4-4296-BECE-8B93E8843A8D}.Release|x64.Deploy.0 = Release|x64
		{B0F7F68E-A0F4-4296-BECE-8B93E8843A8D}.Release|x86.ActiveCfg = Release|x86
		{B0F7F68E-A0F4-4296-BECE-8B93E8843A8D}.Release|x86.Build.0 = Release|x86
		{B0F7F68E-A0F4-4296-BECE-8B93E8843A8D}.Release|x86.Deploy.0 = Release|x86
		{BB127DB5-85A0-41DC-9D08-A7A055DA6F42}.Ad-Hoc|Any CPU.ActiveCfg = Debug|Any CPU
		{BB127DB5-85A0-41DC-9D08-A7A055DA6F42}.Ad-Hoc|Any CPU.Build.0 = Debug|Any CPU
		{BB127DB5-85A0-41DC-9D08-A7A055DA6F42}.Ad-Hoc|ARM.ActiveCfg = Debug|Any CPU
		{BB127DB5-85A0-41DC-9D08-A7A055DA6F42}.Ad-Hoc|ARM.Build.0 = Debug|Any CPU
		{BB127DB5-85A0-41DC-9D08-A7A055DA6F42}.Ad-Hoc|iPhone.ActiveCfg = Debug|Any CPU
		{BB127DB5-85A0-41DC-9D08-A7A055DA6F42}.Ad-Hoc|iPhone.Build.0 = Debug|Any CPU
		{BB127DB5-85A0-41DC-9D08-A7A055DA6F42}.Ad-Hoc|iPhoneSimulator.ActiveCfg = Debug|Any CPU
		{BB127DB5-85A0-41DC-9D08-A7A055DA6F42}.Ad-Hoc|iPhoneSimulator.Build.0 = Debug|Any CPU
		{BB127DB5-85A0-41DC-9D08-A7A055DA6F42}.Ad-Hoc|x64.ActiveCfg = Debug|Any CPU
		{BB127DB5-85A0-41DC-9D08-A7A055DA6F42}.Ad-Hoc|x64.Build.0 = Debug|Any CPU
		{BB127DB5-85A0-41DC-9D08-A7A055DA6F42}.Ad-Hoc|x86.ActiveCfg = Debug|Any CPU
		{BB127DB5-85A0-41DC-9D08-A7A055DA6F42}.Ad-Hoc|x86.Build.0 = Debug|Any CPU
		{BB127DB5-85A0-41DC-9D08-A7A055DA6F42}.AppStore|Any CPU.ActiveCfg = Debug|Any CPU
		{BB127DB5-85A0-41DC-9D08-A7A055DA6F42}.AppStore|Any CPU.Build.0 = Debug|Any CPU
		{BB127DB5-85A0-41DC-9D08-A7A055DA6F42}.AppStore|ARM.ActiveCfg = Debug|Any CPU
		{BB127DB5-85A0-41DC-9D08-A7A055DA6F42}.AppStore|ARM.Build.0 = Debug|Any CPU
		{BB127DB5-85A0-41DC-9D08-A7A055DA6F42}.AppStore|iPhone.ActiveCfg = Debug|Any CPU
		{BB127DB5-85A0-41DC-9D08-A7A055DA6F42}.AppStore|iPhone.Build.0 = Debug|Any CPU
		{BB127DB5-85A0-41DC-9D08-A7A055DA6F42}.AppStore|iPhoneSimulator.ActiveCfg = Debug|Any CPU
		{BB127DB5-85A0-41DC-9D08-A7A055DA6F42}.AppStore|iPhoneSimulator.Build.0 = Debug|Any CPU
		{BB127DB5-85A0-41DC-9D08-A7A055DA6F42}.AppStore|x64.ActiveCfg = Debug|Any CPU
		{BB127DB5-85A0-41DC-9D08-A7A055DA6F42}.AppStore|x64.Build.0 = Debug|Any CPU
		{BB127DB5-85A0-41DC-9D08-A7A055DA6F42}.AppStore|x86.ActiveCfg = Debug|Any CPU
		{BB127DB5-85A0-41DC-9D08-A7A055DA6F42}.AppStore|x86.Build.0 = Debug|Any CPU
		{BB127DB5-85A0-41DC-9D08-A7A055DA6F42}.Debug|Any CPU.ActiveCfg = Debug|Any CPU
		{BB127DB5-85A0-41DC-9D08-A7A055DA6F42}.Debug|Any CPU.Build.0 = Debug|Any CPU
		{BB127DB5-85A0-41DC-9D08-A7A055DA6F42}.Debug|ARM.ActiveCfg = Debug|Any CPU
		{BB127DB5-85A0-41DC-9D08-A7A055DA6F42}.Debug|ARM.Build.0 = Debug|Any CPU
		{BB127DB5-85A0-41DC-9D08-A7A055DA6F42}.Debug|iPhone.ActiveCfg = Debug|Any CPU
		{BB127DB5-85A0-41DC-9D08-A7A055DA6F42}.Debug|iPhone.Build.0 = Debug|Any CPU
		{BB127DB5-85A0-41DC-9D08-A7A055DA6F42}.Debug|iPhoneSimulator.ActiveCfg = Debug|Any CPU
		{BB127DB5-85A0-41DC-9D08-A7A055DA6F42}.Debug|iPhoneSimulator.Build.0 = Debug|Any CPU
		{BB127DB5-85A0-41DC-9D08-A7A055DA6F42}.Debug|x64.ActiveCfg = Debug|Any CPU
		{BB127DB5-85A0-41DC-9D08-A7A055DA6F42}.Debug|x64.Build.0 = Debug|Any CPU
		{BB127DB5-85A0-41DC-9D08-A7A055DA6F42}.Debug|x86.ActiveCfg = Debug|Any CPU
		{BB127DB5-85A0-41DC-9D08-A7A055DA6F42}.Debug|x86.Build.0 = Debug|Any CPU
		{BB127DB5-85A0-41DC-9D08-A7A055DA6F42}.Release|Any CPU.ActiveCfg = Release|Any CPU
		{BB127DB5-85A0-41DC-9D08-A7A055DA6F42}.Release|Any CPU.Build.0 = Release|Any CPU
		{BB127DB5-85A0-41DC-9D08-A7A055DA6F42}.Release|ARM.ActiveCfg = Release|Any CPU
		{BB127DB5-85A0-41DC-9D08-A7A055DA6F42}.Release|ARM.Build.0 = Release|Any CPU
		{BB127DB5-85A0-41DC-9D08-A7A055DA6F42}.Release|iPhone.ActiveCfg = Release|Any CPU
		{BB127DB5-85A0-41DC-9D08-A7A055DA6F42}.Release|iPhone.Build.0 = Release|Any CPU
		{BB127DB5-85A0-41DC-9D08-A7A055DA6F42}.Release|iPhoneSimulator.ActiveCfg = Release|Any CPU
		{BB127DB5-85A0-41DC-9D08-A7A055DA6F42}.Release|iPhoneSimulator.Build.0 = Release|Any CPU
		{BB127DB5-85A0-41DC-9D08-A7A055DA6F42}.Release|x64.ActiveCfg = Release|Any CPU
		{BB127DB5-85A0-41DC-9D08-A7A055DA6F42}.Release|x64.Build.0 = Release|Any CPU
		{BB127DB5-85A0-41DC-9D08-A7A055DA6F42}.Release|x86.ActiveCfg = Release|Any CPU
		{BB127DB5-85A0-41DC-9D08-A7A055DA6F42}.Release|x86.Build.0 = Release|Any CPU
	EndGlobalSection
	GlobalSection(SolutionProperties) = preSolution
		HideSolutionNode = FALSE
	EndGlobalSection
	GlobalSection(ExtensibilityGlobals) = postSolution
		SolutionGuid = {06D735D6-7EC0-4552-A90E-C030B6F42F77}
	EndGlobalSection
EndGlobal
