
Microsoft Visual Studio Solution File, Format Version 12.00
# Visual Studio 15
VisualStudioVersion = 15.0.27130.0
MinimumVisualStudioVersion = 10.0.40219.1
Project("{FAE04EC0-301F-11D3-BF4B-00C04F79EFBC}") = "HamburgerMenu.Android", "HamburgerMenu.Android\HamburgerMenu.Android.csproj", "{8A3DA162-4709-4CD0-9DCF-83C299BB179F}"
EndProject
Project("{FAE04EC0-301F-11D3-BF4B-00C04F79EFBC}") = "HamburgerMenu.iOS", "HamburgerMenu.iOS\HamburgerMenu.iOS.csproj", "{A07C03BF-2975-4894-B23F-B0D80F5C7EE1}"
EndProject
Project("{FAE04EC0-301F-11D3-BF4B-00C04F79EFBC}") = "HamburgerMenu.UWP", "HamburgerMenu.UWP\HamburgerMenu.UWP.csproj", "{995F696C-E641-4D1B-9906-E06AFDA0F787}"
EndProject
Project("{FAE04EC0-301F-11D3-BF4B-00C04F79EFBC}") = "HamburgerMenu", "HamburgerMenu\HamburgerMenu.csproj", "{00F16C96-B5A5-446C-AB99-0A96B8F5DBFE}"
EndProject
Global
	GlobalSection(SolutionConfigurationPlatforms) = preSolution
		Ad-Hoc|Any CPU = Ad-Hoc|Any CPU
		Ad-Hoc|ARM = Ad-Hoc|ARM
		Ad-Hoc|iPhone = Ad-Hoc|iPhone
		Ad-Hoc|iPhoneSimulator = Ad-Hoc|iPhoneSimulator
		Ad-Hoc|x64 = Ad-Hoc|x64
		Ad-Hoc|x86 = Ad-Hoc|x86
		AppStore|Any CPU = AppStore|Any CPU
		AppStore|ARM = AppStore|ARM
		AppStore|iPhone = AppStore|iPhone
		AppStore|iPhoneSimulator = AppStore|iPhoneSimulator
		AppStore|x64 = AppStore|x64
		AppStore|x86 = AppStore|x86
		Debug|Any CPU = Debug|Any CPU
		Debug|ARM = Debug|ARM
		Debug|iPhone = Debug|iPhone
		Debug|iPhoneSimulator = Debug|iPhoneSimulator
		Debug|x64 = Debug|x64
		Debug|x86 = Debug|x86
		Release|Any CPU = Release|Any CPU
		Release|ARM = Release|ARM
		Release|iPhone = Release|iPhone
		Release|iPhoneSimulator = Release|iPhoneSimulator
		Release|x64 = Release|x64
		Release|x86 = Release|x86
	EndGlobalSection
	GlobalSection(ProjectConfigurationPlatforms) = postSolution
		{8A3DA162-4709-4CD0-9DCF-83C299BB179F}.Ad-Hoc|Any CPU.ActiveCfg = Release|Any CPU
		{8A3DA162-4709-4CD0-9DCF-83C299BB179F}.Ad-Hoc|Any CPU.Build.0 = Release|Any CPU
		{8A3DA162-4709-4CD0-9DCF-83C299BB179F}.Ad-Hoc|Any CPU.Deploy.0 = Release|Any CPU
		{8A3DA162-4709-4CD0-9DCF-83C299BB179F}.Ad-Hoc|ARM.ActiveCfg = Release|Any CPU
		{8A3DA162-4709-4CD0-9DCF-83C299BB179F}.Ad-Hoc|ARM.Build.0 = Release|Any CPU
		{8A3DA162-4709-4CD0-9DCF-83C299BB179F}.Ad-Hoc|ARM.Deploy.0 = Release|Any CPU
		{8A3DA162-4709-4CD0-9DCF-83C299BB179F}.Ad-Hoc|iPhone.ActiveCfg = Release|Any CPU
		{8A3DA162-4709-4CD0-9DCF-83C299BB179F}.Ad-Hoc|iPhone.Build.0 = Release|Any CPU
		{8A3DA162-4709-4CD0-9DCF-83C299BB179F}.Ad-Hoc|iPhone.Deploy.0 = Release|Any CPU
		{8A3DA162-4709-4CD0-9DCF-83C299BB179F}.Ad-Hoc|iPhoneSimulator.ActiveCfg = Release|Any CPU
		{8A3DA162-4709-4CD0-9DCF-83C299BB179F}.Ad-Hoc|iPhoneSimulator.Build.0 = Release|Any CPU
		{8A3DA162-4709-4CD0-9DCF-83C299BB179F}.Ad-Hoc|iPhoneSimulator.Deploy.0 = Release|Any CPU
		{8A3DA162-4709-4CD0-9DCF-83C299BB179F}.Ad-Hoc|x64.ActiveCfg = Release|Any CPU
		{8A3DA162-4709-4CD0-9DCF-83C299BB179F}.Ad-Hoc|x64.Build.0 = Release|Any CPU
		{8A3DA162-4709-4CD0-9DCF-83C299BB179F}.Ad-Hoc|x64.Deploy.0 = Release|Any CPU
		{8A3DA162-4709-4CD0-9DCF-83C299BB179F}.Ad-Hoc|x86.ActiveCfg = Release|Any CPU
		{8A3DA162-4709-4CD0-9DCF-83C299BB179F}.Ad-Hoc|x86.Build.0 = Release|Any CPU
		{8A3DA162-4709-4CD0-9DCF-83C299BB179F}.Ad-Hoc|x86.Deploy.0 = Release|Any CPU
		{8A3DA162-4709-4CD0-9DCF-83C299BB179F}.AppStore|Any CPU.ActiveCfg = Release|Any CPU
		{8A3DA162-4709-4CD0-9DCF-83C299BB179F}.AppStore|Any CPU.Build.0 = Release|Any CPU
		{8A3DA162-4709-4CD0-9DCF-83C299BB179F}.AppStore|Any CPU.Deploy.0 = Release|Any CPU
		{8A3DA162-4709-4CD0-9DCF-83C299BB179F}.AppStore|ARM.ActiveCfg = Release|Any CPU
		{8A3DA162-4709-4CD0-9DCF-83C299BB179F}.AppStore|ARM.Build.0 = Release|Any CPU
		{8A3DA162-4709-4CD0-9DCF-83C299BB179F}.AppStore|ARM.Deploy.0 = Release|Any CPU
		{8A3DA162-4709-4CD0-9DCF-83C299BB179F}.AppStore|iPhone.ActiveCfg = Release|Any CPU
		{8A3DA162-4709-4CD0-9DCF-83C299BB179F}.AppStore|iPhone.Build.0 = Release|Any CPU
		{8A3DA162-4709-4CD0-9DCF-83C299BB179F}.AppStore|iPhone.Deploy.0 = Release|Any CPU
		{8A3DA162-4709-4CD0-9DCF-83C299BB179F}.AppStore|iPhoneSimulator.ActiveCfg = Release|Any CPU
		{8A3DA162-4709-4CD0-9DCF-83C299BB179F}.AppStore|iPhoneSimulator.Build.0 = Release|Any CPU
		{8A3DA162-4709-4CD0-9DCF-83C299BB179F}.AppStore|iPhoneSimulator.Deploy.0 = Release|Any CPU
		{8A3DA162-4709-4CD0-9DCF-83C299BB179F}.AppStore|x64.ActiveCfg = Release|Any CPU
		{8A3DA162-4709-4CD0-9DCF-83C299BB179F}.AppStore|x64.Build.0 = Release|Any CPU
		{8A3DA162-4709-4CD0-9DCF-83C299BB179F}.AppStore|x64.Deploy.0 = Release|Any CPU
		{8A3DA162-4709-4CD0-9DCF-83C299BB179F}.AppStore|x86.ActiveCfg = Release|Any CPU
		{8A3DA162-4709-4CD0-9DCF-83C299BB179F}.AppStore|x86.Build.0 = Release|Any CPU
		{8A3DA162-4709-4CD0-9DCF-83C299BB179F}.AppStore|x86.Deploy.0 = Release|Any CPU
		{8A3DA162-4709-4CD0-9DCF-83C299BB179F}.Debug|Any CPU.ActiveCfg = Debug|Any CPU
		{8A3DA162-4709-4CD0-9DCF-83C299BB179F}.Debug|Any CPU.Build.0 = Debug|Any CPU
		{8A3DA162-4709-4CD0-9DCF-83C299BB179F}.Debug|Any CPU.Deploy.0 = Debug|Any CPU
		{8A3DA162-4709-4CD0-9DCF-83C299BB179F}.Debug|ARM.ActiveCfg = Debug|Any CPU
		{8A3DA162-4709-4CD0-9DCF-83C299BB179F}.Debug|ARM.Build.0 = Debug|Any CPU
		{8A3DA162-4709-4CD0-9DCF-83C299BB179F}.Debug|ARM.Deploy.0 = Debug|Any CPU
		{8A3DA162-4709-4CD0-9DCF-83C299BB179F}.Debug|iPhone.ActiveCfg = Debug|Any CPU
		{8A3DA162-4709-4CD0-9DCF-83C299BB179F}.Debug|iPhone.Build.0 = Debug|Any CPU
		{8A3DA162-4709-4CD0-9DCF-83C299BB179F}.Debug|iPhone.Deploy.0 = Debug|Any CPU
		{8A3DA162-4709-4CD0-9DCF-83C299BB179F}.Debug|iPhoneSimulator.ActiveCfg = Debug|Any CPU
		{8A3DA162-4709-4CD0-9DCF-83C299BB179F}.Debug|iPhoneSimulator.Build.0 = Debug|Any CPU
		{8A3DA162-4709-4CD0-9DCF-83C299BB179F}.Debug|iPhoneSimulator.Deploy.0 = Debug|Any CPU
		{8A3DA162-4709-4CD0-9DCF-83C299BB179F}.Debug|x64.ActiveCfg = Debug|Any CPU
		{8A3DA162-4709-4CD0-9DCF-83C299BB179F}.Debug|x64.Build.0 = Debug|Any CPU
		{8A3DA162-4709-4CD0-9DCF-83C299BB179F}.Debug|x64.Deploy.0 = Debug|Any CPU
		{8A3DA162-4709-4CD0-9DCF-83C299BB179F}.Debug|x86.ActiveCfg = Debug|Any CPU
		{8A3DA162-4709-4CD0-9DCF-83C299BB179F}.Debug|x86.Build.0 = Debug|Any CPU
		{8A3DA162-4709-4CD0-9DCF-83C299BB179F}.Debug|x86.Deploy.0 = Debug|Any CPU
		{8A3DA162-4709-4CD0-9DCF-83C299BB179F}.Release|Any CPU.ActiveCfg = Release|Any CPU
		{8A3DA162-4709-4CD0-9DCF-83C299BB179F}.Release|Any CPU.Build.0 = Release|Any CPU
		{8A3DA162-4709-4CD0-9DCF-83C299BB179F}.Release|Any CPU.Deploy.0 = Release|Any CPU
		{8A3DA162-4709-4CD0-9DCF-83C299BB179F}.Release|ARM.ActiveCfg = Release|Any CPU
		{8A3DA162-4709-4CD0-9DCF-83C299BB179F}.Release|ARM.Build.0 = Release|Any CPU
		{8A3DA162-4709-4CD0-9DCF-83C299BB179F}.Release|ARM.Deploy.0 = Release|Any CPU
		{8A3DA162-4709-4CD0-9DCF-83C299BB179F}.Release|iPhone.ActiveCfg = Release|Any CPU
		{8A3DA162-4709-4CD0-9DCF-83C299BB179F}.Release|iPhone.Build.0 = Release|Any CPU
		{8A3DA162-4709-4CD0-9DCF-83C299BB179F}.Release|iPhone.Deploy.0 = Release|Any CPU
		{8A3DA162-4709-4CD0-9DCF-83C299BB179F}.Release|iPhoneSimulator.ActiveCfg = Release|Any CPU
		{8A3DA162-4709-4CD0-9DCF-83C299BB179F}.Release|iPhoneSimulator.Build.0 = Release|Any CPU
		{8A3DA162-4709-4CD0-9DCF-83C299BB179F}.Release|iPhoneSimulator.Deploy.0 = Release|Any CPU
		{8A3DA162-4709-4CD0-9DCF-83C299BB179F}.Release|x64.ActiveCfg = Release|Any CPU
		{8A3DA162-4709-4CD0-9DCF-83C299BB179F}.Release|x64.Build.0 = Release|Any CPU
		{8A3DA162-4709-4CD0-9DCF-83C299BB179F}.Release|x64.Deploy.0 = Release|Any CPU
		{8A3DA162-4709-4CD0-9DCF-83C299BB179F}.Release|x86.ActiveCfg = Release|Any CPU
		{8A3DA162-4709-4CD0-9DCF-83C299BB179F}.Release|x86.Build.0 = Release|Any CPU
		{8A3DA162-4709-4CD0-9DCF-83C299BB179F}.Release|x86.Deploy.0 = Release|Any CPU
		{A07C03BF-2975-4894-B23F-B0D80F5C7EE1}.Ad-Hoc|Any CPU.ActiveCfg = Ad-Hoc|iPhone
		{A07C03BF-2975-4894-B23F-B0D80F5C7EE1}.Ad-Hoc|ARM.ActiveCfg = Ad-Hoc|iPhone
		{A07C03BF-2975-4894-B23F-B0D80F5C7EE1}.Ad-Hoc|iPhone.ActiveCfg = Ad-Hoc|iPhone
		{A07C03BF-2975-4894-B23F-B0D80F5C7EE1}.Ad-Hoc|iPhone.Build.0 = Ad-Hoc|iPhone
		{A07C03BF-2975-4894-B23F-B0D80F5C7EE1}.Ad-Hoc|iPhoneSimulator.ActiveCfg = Ad-Hoc|iPhoneSimulator
		{A07C03BF-2975-4894-B23F-B0D80F5C7EE1}.Ad-Hoc|iPhoneSimulator.Build.0 = Ad-Hoc|iPhoneSimulator
		{A07C03BF-2975-4894-B23F-B0D80F5C7EE1}.Ad-Hoc|x64.ActiveCfg = Ad-Hoc|iPhone
		{A07C03BF-2975-4894-B23F-B0D80F5C7EE1}.Ad-Hoc|x86.ActiveCfg = Ad-Hoc|iPhone
		{A07C03BF-2975-4894-B23F-B0D80F5C7EE1}.AppStore|Any CPU.ActiveCfg = AppStore|iPhone
		{A07C03BF-2975-4894-B23F-B0D80F5C7EE1}.AppStore|ARM.ActiveCfg = AppStore|iPhone
		{A07C03BF-2975-4894-B23F-B0D80F5C7EE1}.AppStore|iPhone.ActiveCfg = AppStore|iPhone
		{A07C03BF-2975-4894-B23F-B0D80F5C7EE1}.AppStore|iPhone.Build.0 = AppStore|iPhone
		{A07C03BF-2975-4894-B23F-B0D80F5C7EE1}.AppStore|iPhoneSimulator.ActiveCfg = AppStore|iPhoneSimulator
		{A07C03BF-2975-4894-B23F-B0D80F5C7EE1}.AppStore|iPhoneSimulator.Build.0 = AppStore|iPhoneSimulator
		{A07C03BF-2975-4894-B23F-B0D80F5C7EE1}.AppStore|x64.ActiveCfg = AppStore|iPhone
		{A07C03BF-2975-4894-B23F-B0D80F5C7EE1}.AppStore|x86.ActiveCfg = AppStore|iPhone
		{A07C03BF-2975-4894-B23F-B0D80F5C7EE1}.Debug|Any CPU.ActiveCfg = Debug|iPhone
		{A07C03BF-2975-4894-B23F-B0D80F5C7EE1}.Debug|ARM.ActiveCfg = Debug|iPhone
		{A07C03BF-2975-4894-B23F-B0D80F5C7EE1}.Debug|iPhone.ActiveCfg = Debug|iPhone
		{A07C03BF-2975-4894-B23F-B0D80F5C7EE1}.Debug|iPhone.Build.0 = Debug|iPhone
		{A07C03BF-2975-4894-B23F-B0D80F5C7EE1}.Debug|iPhoneSimulator.ActiveCfg = Debug|iPhoneSimulator
		{A07C03BF-2975-4894-B23F-B0D80F5C7EE1}.Debug|iPhoneSimulator.Build.0 = Debug|iPhoneSimulator
		{A07C03BF-2975-4894-B23F-B0D80F5C7EE1}.Debug|x64.ActiveCfg = Debug|iPhone
		{A07C03BF-2975-4894-B23F-B0D80F5C7EE1}.Debug|x86.ActiveCfg = Debug|iPhone
		{A07C03BF-2975-4894-B23F-B0D80F5C7EE1}.Release|Any CPU.ActiveCfg = Release|iPhone
		{A07C03BF-2975-4894-B23F-B0D80F5C7EE1}.Release|ARM.ActiveCfg = Release|iPhone
		{A07C03BF-2975-4894-B23F-B0D80F5C7EE1}.Release|iPhone.ActiveCfg = Release|iPhone
		{A07C03BF-2975-4894-B23F-B0D80F5C7EE1}.Release|iPhone.Build.0 = Release|iPhone
		{A07C03BF-2975-4894-B23F-B0D80F5C7EE1}.Release|iPhoneSimulator.ActiveCfg = Release|iPhoneSimulator
		{A07C03BF-2975-4894-B23F-B0D80F5C7EE1}.Release|iPhoneSimulator.Build.0 = Release|iPhoneSimulator
		{A07C03BF-2975-4894-B23F-B0D80F5C7EE1}.Release|x64.ActiveCfg = Release|iPhone
		{A07C03BF-2975-4894-B23F-B0D80F5C7EE1}.Release|x86.ActiveCfg = Release|iPhone
		{995F696C-E641-4D1B-9906-E06AFDA0F787}.Ad-Hoc|Any CPU.ActiveCfg = Release|x86
		{995F696C-E641-4D1B-9906-E06AFDA0F787}.Ad-Hoc|Any CPU.Build.0 = Release|x86
		{995F696C-E641-4D1B-9906-E06AFDA0F787}.Ad-Hoc|Any CPU.Deploy.0 = Release|x86
		{995F696C-E641-4D1B-9906-E06AFDA0F787}.Ad-Hoc|ARM.ActiveCfg = Release|ARM
		{995F696C-E641-4D1B-9906-E06AFDA0F787}.Ad-Hoc|ARM.Build.0 = Release|ARM
		{995F696C-E641-4D1B-9906-E06AFDA0F787}.Ad-Hoc|ARM.Deploy.0 = Release|ARM
		{995F696C-E641-4D1B-9906-E06AFDA0F787}.Ad-Hoc|iPhone.ActiveCfg = Release|x86
		{995F696C-E641-4D1B-9906-E06AFDA0F787}.Ad-Hoc|iPhone.Build.0 = Release|x86
		{995F696C-E641-4D1B-9906-E06AFDA0F787}.Ad-Hoc|iPhone.Deploy.0 = Release|x86
		{995F696C-E641-4D1B-9906-E06AFDA0F787}.Ad-Hoc|iPhoneSimulator.ActiveCfg = Release|x86
		{995F696C-E641-4D1B-9906-E06AFDA0F787}.Ad-Hoc|iPhoneSimulator.Build.0 = Release|x86
		{995F696C-E641-4D1B-9906-E06AFDA0F787}.Ad-Hoc|iPhoneSimulator.Deploy.0 = Release|x86
		{995F696C-E641-4D1B-9906-E06AFDA0F787}.Ad-Hoc|x64.ActiveCfg = Release|x64
		{995F696C-E641-4D1B-9906-E06AFDA0F787}.Ad-Hoc|x64.Build.0 = Release|x64
		{995F696C-E641-4D1B-9906-E06AFDA0F787}.Ad-Hoc|x64.Deploy.0 = Release|x64
		{995F696C-E641-4D1B-9906-E06AFDA0F787}.Ad-Hoc|x86.ActiveCfg = Release|x86
		{995F696C-E641-4D1B-9906-E06AFDA0F787}.Ad-Hoc|x86.Build.0 = Release|x86
		{995F696C-E641-4D1B-9906-E06AFDA0F787}.Ad-Hoc|x86.Deploy.0 = Release|x86
		{995F696C-E641-4D1B-9906-E06AFDA0F787}.AppStore|Any CPU.ActiveCfg = Release|x86
		{995F696C-E641-4D1B-9906-E06AFDA0F787}.AppStore|Any CPU.Build.0 = Release|x86
		{995F696C-E641-4D1B-9906-E06AFDA0F787}.AppStore|Any CPU.Deploy.0 = Release|x86
		{995F696C-E641-4D1B-9906-E06AFDA0F787}.AppStore|ARM.ActiveCfg = Release|ARM
		{995F696C-E641-4D1B-9906-E06AFDA0F787}.AppStore|ARM.Build.0 = Release|ARM
		{995F696C-E641-4D1B-9906-E06AFDA0F787}.AppStore|ARM.Deploy.0 = Release|ARM
		{995F696C-E641-4D1B-9906-E06AFDA0F787}.AppStore|iPhone.ActiveCfg = Release|x86
		{995F696C-E641-4D1B-9906-E06AFDA0F787}.AppStore|iPhone.Build.0 = Release|x86
		{995F696C-E641-4D1B-9906-E06AFDA0F787}.AppStore|iPhone.Deploy.0 = Release|x86
		{995F696C-E641-4D1B-9906-E06AFDA0F787}.AppStore|iPhoneSimulator.ActiveCfg = Release|x86
		{995F696C-E641-4D1B-9906-E06AFDA0F787}.AppStore|iPhoneSimulator.Build.0 = Release|x86
		{995F696C-E641-4D1B-9906-E06AFDA0F787}.AppStore|iPhoneSimulator.Deploy.0 = Release|x86
		{995F696C-E641-4D1B-9906-E06AFDA0F787}.AppStore|x64.ActiveCfg = Release|x64
		{995F696C-E641-4D1B-9906-E06AFDA0F787}.AppStore|x64.Build.0 = Release|x64
		{995F696C-E641-4D1B-9906-E06AFDA0F787}.AppStore|x64.Deploy.0 = Release|x64
		{995F696C-E641-4D1B-9906-E06AFDA0F787}.AppStore|x86.ActiveCfg = Release|x86
		{995F696C-E641-4D1B-9906-E06AFDA0F787}.AppStore|x86.Build.0 = Release|x86
		{995F696C-E641-4D1B-9906-E06AFDA0F787}.AppStore|x86.Deploy.0 = Release|x86
		{995F696C-E641-4D1B-9906-E06AFDA0F787}.Debug|Any CPU.ActiveCfg = Debug|x86
		{995F696C-E641-4D1B-9906-E06AFDA0F787}.Debug|ARM.ActiveCfg = Debug|ARM
		{995F696C-E641-4D1B-9906-E06AFDA0F787}.Debug|ARM.Build.0 = Debug|ARM
		{995F696C-E641-4D1B-9906-E06AFDA0F787}.Debug|ARM.Deploy.0 = Debug|ARM
		{995F696C-E641-4D1B-9906-E06AFDA0F787}.Debug|iPhone.ActiveCfg = Debug|x86
		{995F696C-E641-4D1B-9906-E06AFDA0F787}.Debug|iPhoneSimulator.ActiveCfg = Debug|x86
		{995F696C-E641-4D1B-9906-E06AFDA0F787}.Debug|x64.ActiveCfg = Debug|x64
		{995F696C-E641-4D1B-9906-E06AFDA0F787}.Debug|x64.Build.0 = Debug|x64
		{995F696C-E641-4D1B-9906-E06AFDA0F787}.Debug|x64.Deploy.0 = Debug|x64
		{995F696C-E641-4D1B-9906-E06AFDA0F787}.Debug|x86.ActiveCfg = Debug|x86
		{995F696C-E641-4D1B-9906-E06AFDA0F787}.Debug|x86.Build.0 = Debug|x86
		{995F696C-E641-4D1B-9906-E06AFDA0F787}.Debug|x86.Deploy.0 = Debug|x86
		{995F696C-E641-4D1B-9906-E06AFDA0F787}.Release|Any CPU.ActiveCfg = Release|x86
		{995F696C-E641-4D1B-9906-E06AFDA0F787}.Release|ARM.ActiveCfg = Release|ARM
		{995F696C-E641-4D1B-9906-E06AFDA0F787}.Release|ARM.Build.0 = Release|ARM
		{995F696C-E641-4D1B-9906-E06AFDA0F787}.Release|ARM.Deploy.0 = Release|ARM
		{995F696C-E641-4D1B-9906-E06AFDA0F787}.Release|iPhone.ActiveCfg = Release|x86
		{995F696C-E641-4D1B-9906-E06AFDA0F787}.Release|iPhoneSimulator.ActiveCfg = Release|x86
		{995F696C-E641-4D1B-9906-E06AFDA0F787}.Release|x64.ActiveCfg = Release|x64
		{995F696C-E641-4D1B-9906-E06AFDA0F787}.Release|x64.Build.0 = Release|x64
		{995F696C-E641-4D1B-9906-E06AFDA0F787}.Release|x64.Deploy.0 = Release|x64
		{995F696C-E641-4D1B-9906-E06AFDA0F787}.Release|x86.ActiveCfg = Release|x86
		{995F696C-E641-4D1B-9906-E06AFDA0F787}.Release|x86.Build.0 = Release|x86
		{995F696C-E641-4D1B-9906-E06AFDA0F787}.Release|x86.Deploy.0 = Release|x86
		{00F16C96-B5A5-446C-AB99-0A96B8F5DBFE}.Ad-Hoc|Any CPU.ActiveCfg = Debug|Any CPU
		{00F16C96-B5A5-446C-AB99-0A96B8F5DBFE}.Ad-Hoc|Any CPU.Build.0 = Debug|Any CPU
		{00F16C96-B5A5-446C-AB99-0A96B8F5DBFE}.Ad-Hoc|ARM.ActiveCfg = Debug|Any CPU
		{00F16C96-B5A5-446C-AB99-0A96B8F5DBFE}.Ad-Hoc|ARM.Build.0 = Debug|Any CPU
		{00F16C96-B5A5-446C-AB99-0A96B8F5DBFE}.Ad-Hoc|iPhone.ActiveCfg = Debug|Any CPU
		{00F16C96-B5A5-446C-AB99-0A96B8F5DBFE}.Ad-Hoc|iPhone.Build.0 = Debug|Any CPU
		{00F16C96-B5A5-446C-AB99-0A96B8F5DBFE}.Ad-Hoc|iPhoneSimulator.ActiveCfg = Debug|Any CPU
		{00F16C96-B5A5-446C-AB99-0A96B8F5DBFE}.Ad-Hoc|iPhoneSimulator.Build.0 = Debug|Any CPU
		{00F16C96-B5A5-446C-AB99-0A96B8F5DBFE}.Ad-Hoc|x64.ActiveCfg = Debug|Any CPU
		{00F16C96-B5A5-446C-AB99-0A96B8F5DBFE}.Ad-Hoc|x64.Build.0 = Debug|Any CPU
		{00F16C96-B5A5-446C-AB99-0A96B8F5DBFE}.Ad-Hoc|x86.ActiveCfg = Debug|Any CPU
		{00F16C96-B5A5-446C-AB99-0A96B8F5DBFE}.Ad-Hoc|x86.Build.0 = Debug|Any CPU
		{00F16C96-B5A5-446C-AB99-0A96B8F5DBFE}.AppStore|Any CPU.ActiveCfg = Debug|Any CPU
		{00F16C96-B5A5-446C-AB99-0A96B8F5DBFE}.AppStore|Any CPU.Build.0 = Debug|Any CPU
		{00F16C96-B5A5-446C-AB99-0A96B8F5DBFE}.AppStore|ARM.ActiveCfg = Debug|Any CPU
		{00F16C96-B5A5-446C-AB99-0A96B8F5DBFE}.AppStore|ARM.Build.0 = Debug|Any CPU
		{00F16C96-B5A5-446C-AB99-0A96B8F5DBFE}.AppStore|iPhone.ActiveCfg = Debug|Any CPU
		{00F16C96-B5A5-446C-AB99-0A96B8F5DBFE}.AppStore|iPhone.Build.0 = Debug|Any CPU
		{00F16C96-B5A5-446C-AB99-0A96B8F5DBFE}.AppStore|iPhoneSimulator.ActiveCfg = Debug|Any CPU
		{00F16C96-B5A5-446C-AB99-0A96B8F5DBFE}.AppStore|iPhoneSimulator.Build.0 = Debug|Any CPU
		{00F16C96-B5A5-446C-AB99-0A96B8F5DBFE}.AppStore|x64.ActiveCfg = Debug|Any CPU
		{00F16C96-B5A5-446C-AB99-0A96B8F5DBFE}.AppStore|x64.Build.0 = Debug|Any CPU
		{00F16C96-B5A5-446C-AB99-0A96B8F5DBFE}.AppStore|x86.ActiveCfg = Debug|Any CPU
		{00F16C96-B5A5-446C-AB99-0A96B8F5DBFE}.AppStore|x86.Build.0 = Debug|Any CPU
		{00F16C96-B5A5-446C-AB99-0A96B8F5DBFE}.Debug|Any CPU.ActiveCfg = Debug|Any CPU
		{00F16C96-B5A5-446C-AB99-0A96B8F5DBFE}.Debug|Any CPU.Build.0 = Debug|Any CPU
		{00F16C96-B5A5-446C-AB99-0A96B8F5DBFE}.Debug|ARM.ActiveCfg = Debug|Any CPU
		{00F16C96-B5A5-446C-AB99-0A96B8F5DBFE}.Debug|ARM.Build.0 = Debug|Any CPU
		{00F16C96-B5A5-446C-AB99-0A96B8F5DBFE}.Debug|iPhone.ActiveCfg = Debug|Any CPU
		{00F16C96-B5A5-446C-AB99-0A96B8F5DBFE}.Debug|iPhone.Build.0 = Debug|Any CPU
		{00F16C96-B5A5-446C-AB99-0A96B8F5DBFE}.Debug|iPhoneSimulator.ActiveCfg = Debug|Any CPU
		{00F16C96-B5A5-446C-AB99-0A96B8F5DBFE}.Debug|iPhoneSimulator.Build.0 = Debug|Any CPU
		{00F16C96-B5A5-446C-AB99-0A96B8F5DBFE}.Debug|x64.ActiveCfg = Debug|Any CPU
		{00F16C96-B5A5-446C-AB99-0A96B8F5DBFE}.Debug|x64.Build.0 = Debug|Any CPU
		{00F16C96-B5A5-446C-AB99-0A96B8F5DBFE}.Debug|x86.ActiveCfg = Debug|Any CPU
		{00F16C96-B5A5-446C-AB99-0A96B8F5DBFE}.Debug|x86.Build.0 = Debug|Any CPU
		{00F16C96-B5A5-446C-AB99-0A96B8F5DBFE}.Release|Any CPU.ActiveCfg = Release|Any CPU
		{00F16C96-B5A5-446C-AB99-0A96B8F5DBFE}.Release|Any CPU.Build.0 = Release|Any CPU
		{00F16C96-B5A5-446C-AB99-0A96B8F5DBFE}.Release|ARM.ActiveCfg = Release|Any CPU
		{00F16C96-B5A5-446C-AB99-0A96B8F5DBFE}.Release|ARM.Build.0 = Release|Any CPU
		{00F16C96-B5A5-446C-AB99-0A96B8F5DBFE}.Release|iPhone.ActiveCfg = Release|Any CPU
		{00F16C96-B5A5-446C-AB99-0A96B8F5DBFE}.Release|iPhone.Build.0 = Release|Any CPU
		{00F16C96-B5A5-446C-AB99-0A96B8F5DBFE}.Release|iPhoneSimulator.ActiveCfg = Release|Any CPU
		{00F16C96-B5A5-446C-AB99-0A96B8F5DBFE}.Release|iPhoneSimulator.Build.0 = Release|Any CPU
		{00F16C96-B5A5-446C-AB99-0A96B8F5DBFE}.Release|x64.ActiveCfg = Release|Any CPU
		{00F16C96-B5A5-446C-AB99-0A96B8F5DBFE}.Release|x64.Build.0 = Release|Any CPU
		{00F16C96-B5A5-446C-AB99-0A96B8F5DBFE}.Release|x86.ActiveCfg = Release|Any CPU
		{00F16C96-B5A5-446C-AB99-0A96B8F5DBFE}.Release|x86.Build.0 = Release|Any CPU
	EndGlobalSection
	GlobalSection(SolutionProperties) = preSolution
		HideSolutionNode = FALSE
	EndGlobalSection
	GlobalSection(ExtensibilityGlobals) = postSolution
		SolutionGuid = {E7FB264B-0B53-42CF-80C4-B64C29CE6B5D}
	EndGlobalSection
EndGlobal
