
Microsoft Visual Studio Solution File, Format Version 12.00
# Visual Studio 15
VisualStudioVersion = 15.0.27130.0
MinimumVisualStudioVersion = 10.0.40219.1
Project("{FAE04EC0-301F-11D3-BF4B-00C04F79EFBC}") = "VS2017MasterDetail.Android", "VS2017MasterDetail.Android\VS2017MasterDetail.Android.csproj", "{AB238AAA-69CE-49F2-AE3C-72E739E50B6B}"
EndProject
Project("{FAE04EC0-301F-11D3-BF4B-00C04F79EFBC}") = "VS2017MasterDetail.iOS", "VS2017MasterDetail.iOS\VS2017MasterDetail.iOS.csproj", "{5776A2DD-B8E3-4505-A921-2EA33A71DBA5}"
EndProject
Project("{FAE04EC0-301F-11D3-BF4B-00C04F79EFBC}") = "VS2017MasterDetail.UWP", "VS2017MasterDetail.UWP\VS2017MasterDetail.UWP.csproj", "{044A878E-1557-48D8-9F26-7B78EEE812BD}"
EndProject
Project("{D954291E-2A0B-460D-934E-DC6B0785DB48}") = "VS2017MasterDetail", "VS2017MasterDetail\VS2017MasterDetail.shproj", "{EC8DF5F1-D960-4691-9B49-B1971B273799}"
EndProject
Global
	GlobalSection(SharedMSBuildProjectFiles) = preSolution
		VS2017MasterDetail\VS2017MasterDetail.projitems*{044a878e-1557-48d8-9f26-7b78eee812bd}*SharedItemsImports = 4
		VS2017MasterDetail\VS2017MasterDetail.projitems*{5776a2dd-b8e3-4505-a921-2ea33a71dba5}*SharedItemsImports = 4
		VS2017MasterDetail\VS2017MasterDetail.projitems*{ab238aaa-69ce-49f2-ae3c-72e739e50b6b}*SharedItemsImports = 4
		VS2017MasterDetail\VS2017MasterDetail.projitems*{ec8df5f1-d960-4691-9b49-b1971b273799}*SharedItemsImports = 13
	EndGlobalSection
	GlobalSection(SolutionConfigurationPlatforms) = preSolution
		Ad-Hoc|Any CPU = Ad-Hoc|Any CPU
		Ad-Hoc|ARM = Ad-Hoc|ARM
		Ad-Hoc|iPhone = Ad-Hoc|iPhone
		Ad-Hoc|iPhoneSimulator = Ad-Hoc|iPhoneSimulator
		Ad-Hoc|x64 = Ad-Hoc|x64
		Ad-Hoc|x86 = Ad-Hoc|x86
		AppStore|Any CPU = AppStore|Any CPU
		AppStore|ARM = AppStore|ARM
		AppStore|iPhone = AppStore|iPhone
		AppStore|iPhoneSimulator = AppStore|iPhoneSimulator
		AppStore|x64 = AppStore|x64
		AppStore|x86 = AppStore|x86
		Debug|Any CPU = Debug|Any CPU
		Debug|ARM = Debug|ARM
		Debug|iPhone = Debug|iPhone
		Debug|iPhoneSimulator = Debug|iPhoneSimulator
		Debug|x64 = Debug|x64
		Debug|x86 = Debug|x86
		Release|Any CPU = Release|Any CPU
		Release|ARM = Release|ARM
		Release|iPhone = Release|iPhone
		Release|iPhoneSimulator = Release|iPhoneSimulator
		Release|x64 = Release|x64
		Release|x86 = Release|x86
	EndGlobalSection
	GlobalSection(ProjectConfigurationPlatforms) = postSolution
		{AB238AAA-69CE-49F2-AE3C-72E739E50B6B}.Ad-Hoc|Any CPU.ActiveCfg = Release|Any CPU
		{AB238AAA-69CE-49F2-AE3C-72E739E50B6B}.Ad-Hoc|Any CPU.Build.0 = Release|Any CPU
		{AB238AAA-69CE-49F2-AE3C-72E739E50B6B}.Ad-Hoc|Any CPU.Deploy.0 = Release|Any CPU
		{AB238AAA-69CE-49F2-AE3C-72E739E50B6B}.Ad-Hoc|ARM.ActiveCfg = Release|Any CPU
		{AB238AAA-69CE-49F2-AE3C-72E739E50B6B}.Ad-Hoc|ARM.Build.0 = Release|Any CPU
		{AB238AAA-69CE-49F2-AE3C-72E739E50B6B}.Ad-Hoc|ARM.Deploy.0 = Release|Any CPU
		{AB238AAA-69CE-49F2-AE3C-72E739E50B6B}.Ad-Hoc|iPhone.ActiveCfg = Release|Any CPU
		{AB238AAA-69CE-49F2-AE3C-72E739E50B6B}.Ad-Hoc|iPhone.Build.0 = Release|Any CPU
		{AB238AAA-69CE-49F2-AE3C-72E739E50B6B}.Ad-Hoc|iPhone.Deploy.0 = Release|Any CPU
		{AB238AAA-69CE-49F2-AE3C-72E739E50B6B}.Ad-Hoc|iPhoneSimulator.ActiveCfg = Release|Any CPU
		{AB238AAA-69CE-49F2-AE3C-72E739E50B6B}.Ad-Hoc|iPhoneSimulator.Build.0 = Release|Any CPU
		{AB238AAA-69CE-49F2-AE3C-72E739E50B6B}.Ad-Hoc|iPhoneSimulator.Deploy.0 = Release|Any CPU
		{AB238AAA-69CE-49F2-AE3C-72E739E50B6B}.Ad-Hoc|x64.ActiveCfg = Release|Any CPU
		{AB238AAA-69CE-49F2-AE3C-72E739E50B6B}.Ad-Hoc|x64.Build.0 = Release|Any CPU
		{AB238AAA-69CE-49F2-AE3C-72E739E50B6B}.Ad-Hoc|x64.Deploy.0 = Release|Any CPU
		{AB238AAA-69CE-49F2-AE3C-72E739E50B6B}.Ad-Hoc|x86.ActiveCfg = Release|Any CPU
		{AB238AAA-69CE-49F2-AE3C-72E739E50B6B}.Ad-Hoc|x86.Build.0 = Release|Any CPU
		{AB238AAA-69CE-49F2-AE3C-72E739E50B6B}.Ad-Hoc|x86.Deploy.0 = Release|Any CPU
		{AB238AAA-69CE-49F2-AE3C-72E739E50B6B}.AppStore|Any CPU.ActiveCfg = Release|Any CPU
		{AB238AAA-69CE-49F2-AE3C-72E739E50B6B}.AppStore|Any CPU.Build.0 = Release|Any CPU
		{AB238AAA-69CE-49F2-AE3C-72E739E50B6B}.AppStore|Any CPU.Deploy.0 = Release|Any CPU
		{AB238AAA-69CE-49F2-AE3C-72E739E50B6B}.AppStore|ARM.ActiveCfg = Release|Any CPU
		{AB238AAA-69CE-49F2-AE3C-72E739E50B6B}.AppStore|ARM.Build.0 = Release|Any CPU
		{AB238AAA-69CE-49F2-AE3C-72E739E50B6B}.AppStore|ARM.Deploy.0 = Release|Any CPU
		{AB238AAA-69CE-49F2-AE3C-72E739E50B6B}.AppStore|iPhone.ActiveCfg = Release|Any CPU
		{AB238AAA-69CE-49F2-AE3C-72E739E50B6B}.AppStore|iPhone.Build.0 = Release|Any CPU
		{AB238AAA-69CE-49F2-AE3C-72E739E50B6B}.AppStore|iPhone.Deploy.0 = Release|Any CPU
		{AB238AAA-69CE-49F2-AE3C-72E739E50B6B}.AppStore|iPhoneSimulator.ActiveCfg = Release|Any CPU
		{AB238AAA-69CE-49F2-AE3C-72E739E50B6B}.AppStore|iPhoneSimulator.Build.0 = Release|Any CPU
		{AB238AAA-69CE-49F2-AE3C-72E739E50B6B}.AppStore|iPhoneSimulator.Deploy.0 = Release|Any CPU
		{AB238AAA-69CE-49F2-AE3C-72E739E50B6B}.AppStore|x64.ActiveCfg = Release|Any CPU
		{AB238AAA-69CE-49F2-AE3C-72E739E50B6B}.AppStore|x64.Build.0 = Release|Any CPU
		{AB238AAA-69CE-49F2-AE3C-72E739E50B6B}.AppStore|x64.Deploy.0 = Release|Any CPU
		{AB238AAA-69CE-49F2-AE3C-72E739E50B6B}.AppStore|x86.ActiveCfg = Release|Any CPU
		{AB238AAA-69CE-49F2-AE3C-72E739E50B6B}.AppStore|x86.Build.0 = Release|Any CPU
		{AB238AAA-69CE-49F2-AE3C-72E739E50B6B}.AppStore|x86.Deploy.0 = Release|Any CPU
		{AB238AAA-69CE-49F2-AE3C-72E739E50B6B}.Debug|Any CPU.ActiveCfg = Debug|Any CPU
		{AB238AAA-69CE-49F2-AE3C-72E739E50B6B}.Debug|Any CPU.Build.0 = Debug|Any CPU
		{AB238AAA-69CE-49F2-AE3C-72E739E50B6B}.Debug|Any CPU.Deploy.0 = Debug|Any CPU
		{AB238AAA-69CE-49F2-AE3C-72E739E50B6B}.Debug|ARM.ActiveCfg = Debug|Any CPU
		{AB238AAA-69CE-49F2-AE3C-72E739E50B6B}.Debug|ARM.Build.0 = Debug|Any CPU
		{AB238AAA-69CE-49F2-AE3C-72E739E50B6B}.Debug|ARM.Deploy.0 = Debug|Any CPU
		{AB238AAA-69CE-49F2-AE3C-72E739E50B6B}.Debug|iPhone.ActiveCfg = Debug|Any CPU
		{AB238AAA-69CE-49F2-AE3C-72E739E50B6B}.Debug|iPhone.Build.0 = Debug|Any CPU
		{AB238AAA-69CE-49F2-AE3C-72E739E50B6B}.Debug|iPhone.Deploy.0 = Debug|Any CPU
		{AB238AAA-69CE-49F2-AE3C-72E739E50B6B}.Debug|iPhoneSimulator.ActiveCfg = Debug|Any CPU
		{AB238AAA-69CE-49F2-AE3C-72E739E50B6B}.Debug|iPhoneSimulator.Build.0 = Debug|Any CPU
		{AB238AAA-69CE-49F2-AE3C-72E739E50B6B}.Debug|iPhoneSimulator.Deploy.0 = Debug|Any CPU
		{AB238AAA-69CE-49F2-AE3C-72E739E50B6B}.Debug|x64.ActiveCfg = Debug|Any CPU
		{AB238AAA-69CE-49F2-AE3C-72E739E50B6B}.Debug|x64.Build.0 = Debug|Any CPU
		{AB238AAA-69CE-49F2-AE3C-72E739E50B6B}.Debug|x64.Deploy.0 = Debug|Any CPU
		{AB238AAA-69CE-49F2-AE3C-72E739E50B6B}.Debug|x86.ActiveCfg = Debug|Any CPU
		{AB238AAA-69CE-49F2-AE3C-72E739E50B6B}.Debug|x86.Build.0 = Debug|Any CPU
		{AB238AAA-69CE-49F2-AE3C-72E739E50B6B}.Debug|x86.Deploy.0 = Debug|Any CPU
		{AB238AAA-69CE-49F2-AE3C-72E739E50B6B}.Release|Any CPU.ActiveCfg = Release|Any CPU
		{AB238AAA-69CE-49F2-AE3C-72E739E50B6B}.Release|Any CPU.Build.0 = Release|Any CPU
		{AB238AAA-69CE-49F2-AE3C-72E739E50B6B}.Release|Any CPU.Deploy.0 = Release|Any CPU
		{AB238AAA-69CE-49F2-AE3C-72E739E50B6B}.Release|ARM.ActiveCfg = Release|Any CPU
		{AB238AAA-69CE-49F2-AE3C-72E739E50B6B}.Release|ARM.Build.0 = Release|Any CPU
		{AB238AAA-69CE-49F2-AE3C-72E739E50B6B}.Release|ARM.Deploy.0 = Release|Any CPU
		{AB238AAA-69CE-49F2-AE3C-72E739E50B6B}.Release|iPhone.ActiveCfg = Release|Any CPU
		{AB238AAA-69CE-49F2-AE3C-72E739E50B6B}.Release|iPhone.Build.0 = Release|Any CPU
		{AB238AAA-69CE-49F2-AE3C-72E739E50B6B}.Release|iPhone.Deploy.0 = Release|Any CPU
		{AB238AAA-69CE-49F2-AE3C-72E739E50B6B}.Release|iPhoneSimulator.ActiveCfg = Release|Any CPU
		{AB238AAA-69CE-49F2-AE3C-72E739E50B6B}.Release|iPhoneSimulator.Build.0 = Release|Any CPU
		{AB238AAA-69CE-49F2-AE3C-72E739E50B6B}.Release|iPhoneSimulator.Deploy.0 = Release|Any CPU
		{AB238AAA-69CE-49F2-AE3C-72E739E50B6B}.Release|x64.ActiveCfg = Release|Any CPU
		{AB238AAA-69CE-49F2-AE3C-72E739E50B6B}.Release|x64.Build.0 = Release|Any CPU
		{AB238AAA-69CE-49F2-AE3C-72E739E50B6B}.Release|x64.Deploy.0 = Release|Any CPU
		{AB238AAA-69CE-49F2-AE3C-72E739E50B6B}.Release|x86.ActiveCfg = Release|Any CPU
		{AB238AAA-69CE-49F2-AE3C-72E739E50B6B}.Release|x86.Build.0 = Release|Any CPU
		{AB238AAA-69CE-49F2-AE3C-72E739E50B6B}.Release|x86.Deploy.0 = Release|Any CPU
		{5776A2DD-B8E3-4505-A921-2EA33A71DBA5}.Ad-Hoc|Any CPU.ActiveCfg = Ad-Hoc|iPhone
		{5776A2DD-B8E3-4505-A921-2EA33A71DBA5}.Ad-Hoc|ARM.ActiveCfg = Ad-Hoc|iPhone
		{5776A2DD-B8E3-4505-A921-2EA33A71DBA5}.Ad-Hoc|iPhone.ActiveCfg = Ad-Hoc|iPhone
		{5776A2DD-B8E3-4505-A921-2EA33A71DBA5}.Ad-Hoc|iPhone.Build.0 = Ad-Hoc|iPhone
		{5776A2DD-B8E3-4505-A921-2EA33A71DBA5}.Ad-Hoc|iPhoneSimulator.ActiveCfg = Ad-Hoc|iPhoneSimulator
		{5776A2DD-B8E3-4505-A921-2EA33A71DBA5}.Ad-Hoc|iPhoneSimulator.Build.0 = Ad-Hoc|iPhoneSimulator
		{5776A2DD-B8E3-4505-A921-2EA33A71DBA5}.Ad-Hoc|x64.ActiveCfg = Ad-Hoc|iPhone
		{5776A2DD-B8E3-4505-A921-2EA33A71DBA5}.Ad-Hoc|x86.ActiveCfg = Ad-Hoc|iPhone
		{5776A2DD-B8E3-4505-A921-2EA33A71DBA5}.AppStore|Any CPU.ActiveCfg = AppStore|iPhone
		{5776A2DD-B8E3-4505-A921-2EA33A71DBA5}.AppStore|ARM.ActiveCfg = AppStore|iPhone
		{5776A2DD-B8E3-4505-A921-2EA33A71DBA5}.AppStore|iPhone.ActiveCfg = AppStore|iPhone
		{5776A2DD-B8E3-4505-A921-2EA33A71DBA5}.AppStore|iPhone.Build.0 = AppStore|iPhone
		{5776A2DD-B8E3-4505-A921-2EA33A71DBA5}.AppStore|iPhoneSimulator.ActiveCfg = AppStore|iPhoneSimulator
		{5776A2DD-B8E3-4505-A921-2EA33A71DBA5}.AppStore|iPhoneSimulator.Build.0 = AppStore|iPhoneSimulator
		{5776A2DD-B8E3-4505-A921-2EA33A71DBA5}.AppStore|x64.ActiveCfg = AppStore|iPhone
		{5776A2DD-B8E3-4505-A921-2EA33A71DBA5}.AppStore|x86.ActiveCfg = AppStore|iPhone
		{5776A2DD-B8E3-4505-A921-2EA33A71DBA5}.Debug|Any CPU.ActiveCfg = Debug|iPhone
		{5776A2DD-B8E3-4505-A921-2EA33A71DBA5}.Debug|ARM.ActiveCfg = Debug|iPhone
		{5776A2DD-B8E3-4505-A921-2EA33A71DBA5}.Debug|iPhone.ActiveCfg = Debug|iPhone
		{5776A2DD-B8E3-4505-A921-2EA33A71DBA5}.Debug|iPhone.Build.0 = Debug|iPhone
		{5776A2DD-B8E3-4505-A921-2EA33A71DBA5}.Debug|iPhoneSimulator.ActiveCfg = Debug|iPhoneSimulator
		{5776A2DD-B8E3-4505-A921-2EA33A71DBA5}.Debug|iPhoneSimulator.Build.0 = Debug|iPhoneSimulator
		{5776A2DD-B8E3-4505-A921-2EA33A71DBA5}.Debug|x64.ActiveCfg = Debug|iPhone
		{5776A2DD-B8E3-4505-A921-2EA33A71DBA5}.Debug|x86.ActiveCfg = Debug|iPhone
		{5776A2DD-B8E3-4505-A921-2EA33A71DBA5}.Release|Any CPU.ActiveCfg = Release|iPhone
		{5776A2DD-B8E3-4505-A921-2EA33A71DBA5}.Release|ARM.ActiveCfg = Release|iPhone
		{5776A2DD-B8E3-4505-A921-2EA33A71DBA5}.Release|iPhone.ActiveCfg = Release|iPhone
		{5776A2DD-B8E3-4505-A921-2EA33A71DBA5}.Release|iPhone.Build.0 = Release|iPhone
		{5776A2DD-B8E3-4505-A921-2EA33A71DBA5}.Release|iPhoneSimulator.ActiveCfg = Release|iPhoneSimulator
		{5776A2DD-B8E3-4505-A921-2EA33A71DBA5}.Release|iPhoneSimulator.Build.0 = Release|iPhoneSimulator
		{5776A2DD-B8E3-4505-A921-2EA33A71DBA5}.Release|x64.ActiveCfg = Release|iPhone
		{5776A2DD-B8E3-4505-A921-2EA33A71DBA5}.Release|x86.ActiveCfg = Release|iPhone
		{044A878E-1557-48D8-9F26-7B78EEE812BD}.Ad-Hoc|Any CPU.ActiveCfg = Release|x86
		{044A878E-1557-48D8-9F26-7B78EEE812BD}.Ad-Hoc|Any CPU.Build.0 = Release|x86
		{044A878E-1557-48D8-9F26-7B78EEE812BD}.Ad-Hoc|Any CPU.Deploy.0 = Release|x86
		{044A878E-1557-48D8-9F26-7B78EEE812BD}.Ad-Hoc|ARM.ActiveCfg = Release|ARM
		{044A878E-1557-48D8-9F26-7B78EEE812BD}.Ad-Hoc|ARM.Build.0 = Release|ARM
		{044A878E-1557-48D8-9F26-7B78EEE812BD}.Ad-Hoc|ARM.Deploy.0 = Release|ARM
		{044A878E-1557-48D8-9F26-7B78EEE812BD}.Ad-Hoc|iPhone.ActiveCfg = Release|x86
		{044A878E-1557-48D8-9F26-7B78EEE812BD}.Ad-Hoc|iPhone.Build.0 = Release|x86
		{044A878E-1557-48D8-9F26-7B78EEE812BD}.Ad-Hoc|iPhone.Deploy.0 = Release|x86
		{044A878E-1557-48D8-9F26-7B78EEE812BD}.Ad-Hoc|iPhoneSimulator.ActiveCfg = Release|x86
		{044A878E-1557-48D8-9F26-7B78EEE812BD}.Ad-Hoc|iPhoneSimulator.Build.0 = Release|x86
		{044A878E-1557-48D8-9F26-7B78EEE812BD}.Ad-Hoc|iPhoneSimulator.Deploy.0 = Release|x86
		{044A878E-1557-48D8-9F26-7B78EEE812BD}.Ad-Hoc|x64.ActiveCfg = Release|x64
		{044A878E-1557-48D8-9F26-7B78EEE812BD}.Ad-Hoc|x64.Build.0 = Release|x64
		{044A878E-1557-48D8-9F26-7B78EEE812BD}.Ad-Hoc|x64.Deploy.0 = Release|x64
		{044A878E-1557-48D8-9F26-7B78EEE812BD}.Ad-Hoc|x86.ActiveCfg = Release|x86
		{044A878E-1557-48D8-9F26-7B78EEE812BD}.Ad-Hoc|x86.Build.0 = Release|x86
		{044A878E-1557-48D8-9F26-7B78EEE812BD}.Ad-Hoc|x86.Deploy.0 = Release|x86
		{044A878E-1557-48D8-9F26-7B78EEE812BD}.AppStore|Any CPU.ActiveCfg = Release|x86
		{044A878E-1557-48D8-9F26-7B78EEE812BD}.AppStore|Any CPU.Build.0 = Release|x86
		{044A878E-1557-48D8-9F26-7B78EEE812BD}.AppStore|Any CPU.Deploy.0 = Release|x86
		{044A878E-1557-48D8-9F26-7B78EEE812BD}.AppStore|ARM.ActiveCfg = Release|ARM
		{044A878E-1557-48D8-9F26-7B78EEE812BD}.AppStore|ARM.Build.0 = Release|ARM
		{044A878E-1557-48D8-9F26-7B78EEE812BD}.AppStore|ARM.Deploy.0 = Release|ARM
		{044A878E-1557-48D8-9F26-7B78EEE812BD}.AppStore|iPhone.ActiveCfg = Release|x86
		{044A878E-1557-48D8-9F26-7B78EEE812BD}.AppStore|iPhone.Build.0 = Release|x86
		{044A878E-1557-48D8-9F26-7B78EEE812BD}.AppStore|iPhone.Deploy.0 = Release|x86
		{044A878E-1557-48D8-9F26-7B78EEE812BD}.AppStore|iPhoneSimulator.ActiveCfg = Release|x86
		{044A878E-1557-48D8-9F26-7B78EEE812BD}.AppStore|iPhoneSimulator.Build.0 = Release|x86
		{044A878E-1557-48D8-9F26-7B78EEE812BD}.AppStore|iPhoneSimulator.Deploy.0 = Release|x86
		{044A878E-1557-48D8-9F26-7B78EEE812BD}.AppStore|x64.ActiveCfg = Release|x64
		{044A878E-1557-48D8-9F26-7B78EEE812BD}.AppStore|x64.Build.0 = Release|x64
		{044A878E-1557-48D8-9F26-7B78EEE812BD}.AppStore|x64.Deploy.0 = Release|x64
		{044A878E-1557-48D8-9F26-7B78EEE812BD}.AppStore|x86.ActiveCfg = Release|x86
		{044A878E-1557-48D8-9F26-7B78EEE812BD}.AppStore|x86.Build.0 = Release|x86
		{044A878E-1557-48D8-9F26-7B78EEE812BD}.AppStore|x86.Deploy.0 = Release|x86
		{044A878E-1557-48D8-9F26-7B78EEE812BD}.Debug|Any CPU.ActiveCfg = Debug|x86
		{044A878E-1557-48D8-9F26-7B78EEE812BD}.Debug|ARM.ActiveCfg = Debug|ARM
		{044A878E-1557-48D8-9F26-7B78EEE812BD}.Debug|ARM.Build.0 = Debug|ARM
		{044A878E-1557-48D8-9F26-7B78EEE812BD}.Debug|ARM.Deploy.0 = Debug|ARM
		{044A878E-1557-48D8-9F26-7B78EEE812BD}.Debug|iPhone.ActiveCfg = Debug|x86
		{044A878E-1557-48D8-9F26-7B78EEE812BD}.Debug|iPhoneSimulator.ActiveCfg = Debug|x86
		{044A878E-1557-48D8-9F26-7B78EEE812BD}.Debug|x64.ActiveCfg = Debug|x64
		{044A878E-1557-48D8-9F26-7B78EEE812BD}.Debug|x64.Build.0 = Debug|x64
		{044A878E-1557-48D8-9F26-7B78EEE812BD}.Debug|x64.Deploy.0 = Debug|x64
		{044A878E-1557-48D8-9F26-7B78EEE812BD}.Debug|x86.ActiveCfg = Debug|x86
		{044A878E-1557-48D8-9F26-7B78EEE812BD}.Debug|x86.Build.0 = Debug|x86
		{044A878E-1557-48D8-9F26-7B78EEE812BD}.Debug|x86.Deploy.0 = Debug|x86
		{044A878E-1557-48D8-9F26-7B78EEE812BD}.Release|Any CPU.ActiveCfg = Release|x86
		{044A878E-1557-48D8-9F26-7B78EEE812BD}.Release|ARM.ActiveCfg = Release|ARM
		{044A878E-1557-48D8-9F26-7B78EEE812BD}.Release|ARM.Build.0 = Release|ARM
		{044A878E-1557-48D8-9F26-7B78EEE812BD}.Release|ARM.Deploy.0 = Release|ARM
		{044A878E-1557-48D8-9F26-7B78EEE812BD}.Release|iPhone.ActiveCfg = Release|x86
		{044A878E-1557-48D8-9F26-7B78EEE812BD}.Release|iPhoneSimulator.ActiveCfg = Release|x86
		{044A878E-1557-48D8-9F26-7B78EEE812BD}.Release|x64.ActiveCfg = Release|x64
		{044A878E-1557-48D8-9F26-7B78EEE812BD}.Release|x64.Build.0 = Release|x64
		{044A878E-1557-48D8-9F26-7B78EEE812BD}.Release|x64.Deploy.0 = Release|x64
		{044A878E-1557-48D8-9F26-7B78EEE812BD}.Release|x86.ActiveCfg = Release|x86
		{044A878E-1557-48D8-9F26-7B78EEE812BD}.Release|x86.Build.0 = Release|x86
		{044A878E-1557-48D8-9F26-7B78EEE812BD}.Release|x86.Deploy.0 = Release|x86
	EndGlobalSection
	GlobalSection(SolutionProperties) = preSolution
		HideSolutionNode = FALSE
	EndGlobalSection
	GlobalSection(ExtensibilityGlobals) = postSolution
		SolutionGuid = {5732C7C7-65DA-44A7-82DD-810421B0C4D7}
	EndGlobalSection
EndGlobal
