
Microsoft Visual Studio Solution File, Format Version 12.00
# Visual Studio 15
VisualStudioVersion = 15.0.27130.2003
MinimumVisualStudioVersion = 10.0.40219.1
Project("{FAE04EC0-301F-11D3-BF4B-00C04F79EFBC}") = "OrientationAware.Android", "OrientationAware.Android\OrientationAware.Android.csproj", "{FC1AB6FB-830D-4FD3-A3D7-BF81EBEAC30B}"
EndProject
Project("{FAE04EC0-301F-11D3-BF4B-00C04F79EFBC}") = "OrientationAware.iOS", "OrientationAware.iOS\OrientationAware.iOS.csproj", "{6C34C6F9-5EDB-4AB8-BA29-F776443EBB02}"
EndProject
Project("{FAE04EC0-301F-11D3-BF4B-00C04F79EFBC}") = "OrientationAware.UWP", "OrientationAware.UWP\OrientationAware.UWP.csproj", "{1E9E8CEE-98C0-44DE-AACE-FBA766F7DBBF}"
EndProject
Project("{FAE04EC0-301F-11D3-BF4B-00C04F79EFBC}") = "OrientationAware", "OrientationAware\OrientationAware.csproj", "{C94A34D4-B7A4-4980-8B1F-D2EBBF4A5389}"
EndProject
Global
	GlobalSection(SolutionConfigurationPlatforms) = preSolution
		Ad-Hoc|Any CPU = Ad-Hoc|Any CPU
		Ad-Hoc|ARM = Ad-Hoc|ARM
		Ad-Hoc|iPhone = Ad-Hoc|iPhone
		Ad-Hoc|iPhoneSimulator = Ad-Hoc|iPhoneSimulator
		Ad-Hoc|x64 = Ad-Hoc|x64
		Ad-Hoc|x86 = Ad-Hoc|x86
		AppStore|Any CPU = AppStore|Any CPU
		AppStore|ARM = AppStore|ARM
		AppStore|iPhone = AppStore|iPhone
		AppStore|iPhoneSimulator = AppStore|iPhoneSimulator
		AppStore|x64 = AppStore|x64
		AppStore|x86 = AppStore|x86
		Debug|Any CPU = Debug|Any CPU
		Debug|ARM = Debug|ARM
		Debug|iPhone = Debug|iPhone
		Debug|iPhoneSimulator = Debug|iPhoneSimulator
		Debug|x64 = Debug|x64
		Debug|x86 = Debug|x86
		Release|Any CPU = Release|Any CPU
		Release|ARM = Release|ARM
		Release|iPhone = Release|iPhone
		Release|iPhoneSimulator = Release|iPhoneSimulator
		Release|x64 = Release|x64
		Release|x86 = Release|x86
	EndGlobalSection
	GlobalSection(ProjectConfigurationPlatforms) = postSolution
		{FC1AB6FB-830D-4FD3-A3D7-BF81EBEAC30B}.Ad-Hoc|Any CPU.ActiveCfg = Release|Any CPU
		{FC1AB6FB-830D-4FD3-A3D7-BF81EBEAC30B}.Ad-Hoc|Any CPU.Build.0 = Release|Any CPU
		{FC1AB6FB-830D-4FD3-A3D7-BF81EBEAC30B}.Ad-Hoc|Any CPU.Deploy.0 = Release|Any CPU
		{FC1AB6FB-830D-4FD3-A3D7-BF81EBEAC30B}.Ad-Hoc|ARM.ActiveCfg = Release|Any CPU
		{FC1AB6FB-830D-4FD3-A3D7-BF81EBEAC30B}.Ad-Hoc|ARM.Build.0 = Release|Any CPU
		{FC1AB6FB-830D-4FD3-A3D7-BF81EBEAC30B}.Ad-Hoc|ARM.Deploy.0 = Release|Any CPU
		{FC1AB6FB-830D-4FD3-A3D7-BF81EBEAC30B}.Ad-Hoc|iPhone.ActiveCfg = Release|Any CPU
		{FC1AB6FB-830D-4FD3-A3D7-BF81EBEAC30B}.Ad-Hoc|iPhone.Build.0 = Release|Any CPU
		{FC1AB6FB-830D-4FD3-A3D7-BF81EBEAC30B}.Ad-Hoc|iPhone.Deploy.0 = Release|Any CPU
		{FC1AB6FB-830D-4FD3-A3D7-BF81EBEAC30B}.Ad-Hoc|iPhoneSimulator.ActiveCfg = Release|Any CPU
		{FC1AB6FB-830D-4FD3-A3D7-BF81EBEAC30B}.Ad-Hoc|iPhoneSimulator.Build.0 = Release|Any CPU
		{FC1AB6FB-830D-4FD3-A3D7-BF81EBEAC30B}.Ad-Hoc|iPhoneSimulator.Deploy.0 = Release|Any CPU
		{FC1AB6FB-830D-4FD3-A3D7-BF81EBEAC30B}.Ad-Hoc|x64.ActiveCfg = Release|Any CPU
		{FC1AB6FB-830D-4FD3-A3D7-BF81EBEAC30B}.Ad-Hoc|x64.Build.0 = Release|Any CPU
		{FC1AB6FB-830D-4FD3-A3D7-BF81EBEAC30B}.Ad-Hoc|x64.Deploy.0 = Release|Any CPU
		{FC1AB6FB-830D-4FD3-A3D7-BF81EBEAC30B}.Ad-Hoc|x86.ActiveCfg = Release|Any CPU
		{FC1AB6FB-830D-4FD3-A3D7-BF81EBEAC30B}.Ad-Hoc|x86.Build.0 = Release|Any CPU
		{FC1AB6FB-830D-4FD3-A3D7-BF81EBEAC30B}.Ad-Hoc|x86.Deploy.0 = Release|Any CPU
		{FC1AB6FB-830D-4FD3-A3D7-BF81EBEAC30B}.AppStore|Any CPU.ActiveCfg = Release|Any CPU
		{FC1AB6FB-830D-4FD3-A3D7-BF81EBEAC30B}.AppStore|Any CPU.Build.0 = Release|Any CPU
		{FC1AB6FB-830D-4FD3-A3D7-BF81EBEAC30B}.AppStore|Any CPU.Deploy.0 = Release|Any CPU
		{FC1AB6FB-830D-4FD3-A3D7-BF81EBEAC30B}.AppStore|ARM.ActiveCfg = Release|Any CPU
		{FC1AB6FB-830D-4FD3-A3D7-BF81EBEAC30B}.AppStore|ARM.Build.0 = Release|Any CPU
		{FC1AB6FB-830D-4FD3-A3D7-BF81EBEAC30B}.AppStore|ARM.Deploy.0 = Release|Any CPU
		{FC1AB6FB-830D-4FD3-A3D7-BF81EBEAC30B}.AppStore|iPhone.ActiveCfg = Release|Any CPU
		{FC1AB6FB-830D-4FD3-A3D7-BF81EBEAC30B}.AppStore|iPhone.Build.0 = Release|Any CPU
		{FC1AB6FB-830D-4FD3-A3D7-BF81EBEAC30B}.AppStore|iPhone.Deploy.0 = Release|Any CPU
		{FC1AB6FB-830D-4FD3-A3D7-BF81EBEAC30B}.AppStore|iPhoneSimulator.ActiveCfg = Release|Any CPU
		{FC1AB6FB-830D-4FD3-A3D7-BF81EBEAC30B}.AppStore|iPhoneSimulator.Build.0 = Release|Any CPU
		{FC1AB6FB-830D-4FD3-A3D7-BF81EBEAC30B}.AppStore|iPhoneSimulator.Deploy.0 = Release|Any CPU
		{FC1AB6FB-830D-4FD3-A3D7-BF81EBEAC30B}.AppStore|x64.ActiveCfg = Release|Any CPU
		{FC1AB6FB-830D-4FD3-A3D7-BF81EBEAC30B}.AppStore|x64.Build.0 = Release|Any CPU
		{FC1AB6FB-830D-4FD3-A3D7-BF81EBEAC30B}.AppStore|x64.Deploy.0 = Release|Any CPU
		{FC1AB6FB-830D-4FD3-A3D7-BF81EBEAC30B}.AppStore|x86.ActiveCfg = Release|Any CPU
		{FC1AB6FB-830D-4FD3-A3D7-BF81EBEAC30B}.AppStore|x86.Build.0 = Release|Any CPU
		{FC1AB6FB-830D-4FD3-A3D7-BF81EBEAC30B}.AppStore|x86.Deploy.0 = Release|Any CPU
		{FC1AB6FB-830D-4FD3-A3D7-BF81EBEAC30B}.Debug|Any CPU.ActiveCfg = Debug|Any CPU
		{FC1AB6FB-830D-4FD3-A3D7-BF81EBEAC30B}.Debug|Any CPU.Build.0 = Debug|Any CPU
		{FC1AB6FB-830D-4FD3-A3D7-BF81EBEAC30B}.Debug|Any CPU.Deploy.0 = Debug|Any CPU
		{FC1AB6FB-830D-4FD3-A3D7-BF81EBEAC30B}.Debug|ARM.ActiveCfg = Debug|Any CPU
		{FC1AB6FB-830D-4FD3-A3D7-BF81EBEAC30B}.Debug|ARM.Build.0 = Debug|Any CPU
		{FC1AB6FB-830D-4FD3-A3D7-BF81EBEAC30B}.Debug|ARM.Deploy.0 = Debug|Any CPU
		{FC1AB6FB-830D-4FD3-A3D7-BF81EBEAC30B}.Debug|iPhone.ActiveCfg = Debug|Any CPU
		{FC1AB6FB-830D-4FD3-A3D7-BF81EBEAC30B}.Debug|iPhone.Build.0 = Debug|Any CPU
		{FC1AB6FB-830D-4FD3-A3D7-BF81EBEAC30B}.Debug|iPhone.Deploy.0 = Debug|Any CPU
		{FC1AB6FB-830D-4FD3-A3D7-BF81EBEAC30B}.Debug|iPhoneSimulator.ActiveCfg = Debug|Any CPU
		{FC1AB6FB-830D-4FD3-A3D7-BF81EBEAC30B}.Debug|iPhoneSimulator.Build.0 = Debug|Any CPU
		{FC1AB6FB-830D-4FD3-A3D7-BF81EBEAC30B}.Debug|iPhoneSimulator.Deploy.0 = Debug|Any CPU
		{FC1AB6FB-830D-4FD3-A3D7-BF81EBEAC30B}.Debug|x64.ActiveCfg = Debug|Any CPU
		{FC1AB6FB-830D-4FD3-A3D7-BF81EBEAC30B}.Debug|x64.Build.0 = Debug|Any CPU
		{FC1AB6FB-830D-4FD3-A3D7-BF81EBEAC30B}.Debug|x64.Deploy.0 = Debug|Any CPU
		{FC1AB6FB-830D-4FD3-A3D7-BF81EBEAC30B}.Debug|x86.ActiveCfg = Debug|Any CPU
		{FC1AB6FB-830D-4FD3-A3D7-BF81EBEAC30B}.Debug|x86.Build.0 = Debug|Any CPU
		{FC1AB6FB-830D-4FD3-A3D7-BF81EBEAC30B}.Debug|x86.Deploy.0 = Debug|Any CPU
		{FC1AB6FB-830D-4FD3-A3D7-BF81EBEAC30B}.Release|Any CPU.ActiveCfg = Release|Any CPU
		{FC1AB6FB-830D-4FD3-A3D7-BF81EBEAC30B}.Release|Any CPU.Build.0 = Release|Any CPU
		{FC1AB6FB-830D-4FD3-A3D7-BF81EBEAC30B}.Release|Any CPU.Deploy.0 = Release|Any CPU
		{FC1AB6FB-830D-4FD3-A3D7-BF81EBEAC30B}.Release|ARM.ActiveCfg = Release|Any CPU
		{FC1AB6FB-830D-4FD3-A3D7-BF81EBEAC30B}.Release|ARM.Build.0 = Release|Any CPU
		{FC1AB6FB-830D-4FD3-A3D7-BF81EBEAC30B}.Release|ARM.Deploy.0 = Release|Any CPU
		{FC1AB6FB-830D-4FD3-A3D7-BF81EBEAC30B}.Release|iPhone.ActiveCfg = Release|Any CPU
		{FC1AB6FB-830D-4FD3-A3D7-BF81EBEAC30B}.Release|iPhone.Build.0 = Release|Any CPU
		{FC1AB6FB-830D-4FD3-A3D7-BF81EBEAC30B}.Release|iPhone.Deploy.0 = Release|Any CPU
		{FC1AB6FB-830D-4FD3-A3D7-BF81EBEAC30B}.Release|iPhoneSimulator.ActiveCfg = Release|Any CPU
		{FC1AB6FB-830D-4FD3-A3D7-BF81EBEAC30B}.Release|iPhoneSimulator.Build.0 = Release|Any CPU
		{FC1AB6FB-830D-4FD3-A3D7-BF81EBEAC30B}.Release|iPhoneSimulator.Deploy.0 = Release|Any CPU
		{FC1AB6FB-830D-4FD3-A3D7-BF81EBEAC30B}.Release|x64.ActiveCfg = Release|Any CPU
		{FC1AB6FB-830D-4FD3-A3D7-BF81EBEAC30B}.Release|x64.Build.0 = Release|Any CPU
		{FC1AB6FB-830D-4FD3-A3D7-BF81EBEAC30B}.Release|x64.Deploy.0 = Release|Any CPU
		{FC1AB6FB-830D-4FD3-A3D7-BF81EBEAC30B}.Release|x86.ActiveCfg = Release|Any CPU
		{FC1AB6FB-830D-4FD3-A3D7-BF81EBEAC30B}.Release|x86.Build.0 = Release|Any CPU
		{FC1AB6FB-830D-4FD3-A3D7-BF81EBEAC30B}.Release|x86.Deploy.0 = Release|Any CPU
		{6C34C6F9-5EDB-4AB8-BA29-F776443EBB02}.Ad-Hoc|Any CPU.ActiveCfg = Ad-Hoc|iPhone
		{6C34C6F9-5EDB-4AB8-BA29-F776443EBB02}.Ad-Hoc|ARM.ActiveCfg = Ad-Hoc|iPhone
		{6C34C6F9-5EDB-4AB8-BA29-F776443EBB02}.Ad-Hoc|iPhone.ActiveCfg = Ad-Hoc|iPhone
		{6C34C6F9-5EDB-4AB8-BA29-F776443EBB02}.Ad-Hoc|iPhone.Build.0 = Ad-Hoc|iPhone
		{6C34C6F9-5EDB-4AB8-BA29-F776443EBB02}.Ad-Hoc|iPhoneSimulator.ActiveCfg = Ad-Hoc|iPhoneSimulator
		{6C34C6F9-5EDB-4AB8-BA29-F776443EBB02}.Ad-Hoc|iPhoneSimulator.Build.0 = Ad-Hoc|iPhoneSimulator
		{6C34C6F9-5EDB-4AB8-BA29-F776443EBB02}.Ad-Hoc|x64.ActiveCfg = Ad-Hoc|iPhone
		{6C34C6F9-5EDB-4AB8-BA29-F776443EBB02}.Ad-Hoc|x86.ActiveCfg = Ad-Hoc|iPhone
		{6C34C6F9-5EDB-4AB8-BA29-F776443EBB02}.AppStore|Any CPU.ActiveCfg = AppStore|iPhone
		{6C34C6F9-5EDB-4AB8-BA29-F776443EBB02}.AppStore|ARM.ActiveCfg = AppStore|iPhone
		{6C34C6F9-5EDB-4AB8-BA29-F776443EBB02}.AppStore|iPhone.ActiveCfg = AppStore|iPhone
		{6C34C6F9-5EDB-4AB8-BA29-F776443EBB02}.AppStore|iPhone.Build.0 = AppStore|iPhone
		{6C34C6F9-5EDB-4AB8-BA29-F776443EBB02}.AppStore|iPhoneSimulator.ActiveCfg = AppStore|iPhoneSimulator
		{6C34C6F9-5EDB-4AB8-BA29-F776443EBB02}.AppStore|iPhoneSimulator.Build.0 = AppStore|iPhoneSimulator
		{6C34C6F9-5EDB-4AB8-BA29-F776443EBB02}.AppStore|x64.ActiveCfg = AppStore|iPhone
		{6C34C6F9-5EDB-4AB8-BA29-F776443EBB02}.AppStore|x86.ActiveCfg = AppStore|iPhone
		{6C34C6F9-5EDB-4AB8-BA29-F776443EBB02}.Debug|Any CPU.ActiveCfg = Debug|iPhone
		{6C34C6F9-5EDB-4AB8-BA29-F776443EBB02}.Debug|ARM.ActiveCfg = Debug|iPhone
		{6C34C6F9-5EDB-4AB8-BA29-F776443EBB02}.Debug|iPhone.ActiveCfg = Debug|iPhone
		{6C34C6F9-5EDB-4AB8-BA29-F776443EBB02}.Debug|iPhone.Build.0 = Debug|iPhone
		{6C34C6F9-5EDB-4AB8-BA29-F776443EBB02}.Debug|iPhoneSimulator.ActiveCfg = Debug|iPhoneSimulator
		{6C34C6F9-5EDB-4AB8-BA29-F776443EBB02}.Debug|iPhoneSimulator.Build.0 = Debug|iPhoneSimulator
		{6C34C6F9-5EDB-4AB8-BA29-F776443EBB02}.Debug|x64.ActiveCfg = Debug|iPhone
		{6C34C6F9-5EDB-4AB8-BA29-F776443EBB02}.Debug|x86.ActiveCfg = Debug|iPhone
		{6C34C6F9-5EDB-4AB8-BA29-F776443EBB02}.Release|Any CPU.ActiveCfg = Release|iPhone
		{6C34C6F9-5EDB-4AB8-BA29-F776443EBB02}.Release|ARM.ActiveCfg = Release|iPhone
		{6C34C6F9-5EDB-4AB8-BA29-F776443EBB02}.Release|iPhone.ActiveCfg = Release|iPhone
		{6C34C6F9-5EDB-4AB8-BA29-F776443EBB02}.Release|iPhone.Build.0 = Release|iPhone
		{6C34C6F9-5EDB-4AB8-BA29-F776443EBB02}.Release|iPhoneSimulator.ActiveCfg = Release|iPhoneSimulator
		{6C34C6F9-5EDB-4AB8-BA29-F776443EBB02}.Release|iPhoneSimulator.Build.0 = Release|iPhoneSimulator
		{6C34C6F9-5EDB-4AB8-BA29-F776443EBB02}.Release|x64.ActiveCfg = Release|iPhone
		{6C34C6F9-5EDB-4AB8-BA29-F776443EBB02}.Release|x86.ActiveCfg = Release|iPhone
		{1E9E8CEE-98C0-44DE-AACE-FBA766F7DBBF}.Ad-Hoc|Any CPU.ActiveCfg = Release|x86
		{1E9E8CEE-98C0-44DE-AACE-FBA766F7DBBF}.Ad-Hoc|Any CPU.Build.0 = Release|x86
		{1E9E8CEE-98C0-44DE-AACE-FBA766F7DBBF}.Ad-Hoc|Any CPU.Deploy.0 = Release|x86
		{1E9E8CEE-98C0-44DE-AACE-FBA766F7DBBF}.Ad-Hoc|ARM.ActiveCfg = Release|ARM
		{1E9E8CEE-98C0-44DE-AACE-FBA766F7DBBF}.Ad-Hoc|ARM.Build.0 = Release|ARM
		{1E9E8CEE-98C0-44DE-AACE-FBA766F7DBBF}.Ad-Hoc|ARM.Deploy.0 = Release|ARM
		{1E9E8CEE-98C0-44DE-AACE-FBA766F7DBBF}.Ad-Hoc|iPhone.ActiveCfg = Release|x86
		{1E9E8CEE-98C0-44DE-AACE-FBA766F7DBBF}.Ad-Hoc|iPhone.Build.0 = Release|x86
		{1E9E8CEE-98C0-44DE-AACE-FBA766F7DBBF}.Ad-Hoc|iPhone.Deploy.0 = Release|x86
		{1E9E8CEE-98C0-44DE-AACE-FBA766F7DBBF}.Ad-Hoc|iPhoneSimulator.ActiveCfg = Release|x86
		{1E9E8CEE-98C0-44DE-AACE-FBA766F7DBBF}.Ad-Hoc|iPhoneSimulator.Build.0 = Release|x86
		{1E9E8CEE-98C0-44DE-AACE-FBA766F7DBBF}.Ad-Hoc|iPhoneSimulator.Deploy.0 = Release|x86
		{1E9E8CEE-98C0-44DE-AACE-FBA766F7DBBF}.Ad-Hoc|x64.ActiveCfg = Release|x64
		{1E9E8CEE-98C0-44DE-AACE-FBA766F7DBBF}.Ad-Hoc|x64.Build.0 = Release|x64
		{1E9E8CEE-98C0-44DE-AACE-FBA766F7DBBF}.Ad-Hoc|x64.Deploy.0 = Release|x64
		{1E9E8CEE-98C0-44DE-AACE-FBA766F7DBBF}.Ad-Hoc|x86.ActiveCfg = Release|x86
		{1E9E8CEE-98C0-44DE-AACE-FBA766F7DBBF}.Ad-Hoc|x86.Build.0 = Release|x86
		{1E9E8CEE-98C0-44DE-AACE-FBA766F7DBBF}.Ad-Hoc|x86.Deploy.0 = Release|x86
		{1E9E8CEE-98C0-44DE-AACE-FBA766F7DBBF}.AppStore|Any CPU.ActiveCfg = Release|x86
		{1E9E8CEE-98C0-44DE-AACE-FBA766F7DBBF}.AppStore|Any CPU.Build.0 = Release|x86
		{1E9E8CEE-98C0-44DE-AACE-FBA766F7DBBF}.AppStore|Any CPU.Deploy.0 = Release|x86
		{1E9E8CEE-98C0-44DE-AACE-FBA766F7DBBF}.AppStore|ARM.ActiveCfg = Release|ARM
		{1E9E8CEE-98C0-44DE-AACE-FBA766F7DBBF}.AppStore|ARM.Build.0 = Release|ARM
		{1E9E8CEE-98C0-44DE-AACE-FBA766F7DBBF}.AppStore|ARM.Deploy.0 = Release|ARM
		{1E9E8CEE-98C0-44DE-AACE-FBA766F7DBBF}.AppStore|iPhone.ActiveCfg = Release|x86
		{1E9E8CEE-98C0-44DE-AACE-FBA766F7DBBF}.AppStore|iPhone.Build.0 = Release|x86
		{1E9E8CEE-98C0-44DE-AACE-FBA766F7DBBF}.AppStore|iPhone.Deploy.0 = Release|x86
		{1E9E8CEE-98C0-44DE-AACE-FBA766F7DBBF}.AppStore|iPhoneSimulator.ActiveCfg = Release|x86
		{1E9E8CEE-98C0-44DE-AACE-FBA766F7DBBF}.AppStore|iPhoneSimulator.Build.0 = Release|x86
		{1E9E8CEE-98C0-44DE-AACE-FBA766F7DBBF}.AppStore|iPhoneSimulator.Deploy.0 = Release|x86
		{1E9E8CEE-98C0-44DE-AACE-FBA766F7DBBF}.AppStore|x64.ActiveCfg = Release|x64
		{1E9E8CEE-98C0-44DE-AACE-FBA766F7DBBF}.AppStore|x64.Build.0 = Release|x64
		{1E9E8CEE-98C0-44DE-AACE-FBA766F7DBBF}.AppStore|x64.Deploy.0 = Release|x64
		{1E9E8CEE-98C0-44DE-AACE-FBA766F7DBBF}.AppStore|x86.ActiveCfg = Release|x86
		{1E9E8CEE-98C0-44DE-AACE-FBA766F7DBBF}.AppStore|x86.Build.0 = Release|x86
		{1E9E8CEE-98C0-44DE-AACE-FBA766F7DBBF}.AppStore|x86.Deploy.0 = Release|x86
		{1E9E8CEE-98C0-44DE-AACE-FBA766F7DBBF}.Debug|Any CPU.ActiveCfg = Debug|x86
		{1E9E8CEE-98C0-44DE-AACE-FBA766F7DBBF}.Debug|ARM.ActiveCfg = Debug|ARM
		{1E9E8CEE-98C0-44DE-AACE-FBA766F7DBBF}.Debug|ARM.Build.0 = Debug|ARM
		{1E9E8CEE-98C0-44DE-AACE-FBA766F7DBBF}.Debug|ARM.Deploy.0 = Debug|ARM
		{1E9E8CEE-98C0-44DE-AACE-FBA766F7DBBF}.Debug|iPhone.ActiveCfg = Debug|x86
		{1E9E8CEE-98C0-44DE-AACE-FBA766F7DBBF}.Debug|iPhoneSimulator.ActiveCfg = Debug|x86
		{1E9E8CEE-98C0-44DE-AACE-FBA766F7DBBF}.Debug|x64.ActiveCfg = Debug|x64
		{1E9E8CEE-98C0-44DE-AACE-FBA766F7DBBF}.Debug|x64.Build.0 = Debug|x64
		{1E9E8CEE-98C0-44DE-AACE-FBA766F7DBBF}.Debug|x64.Deploy.0 = Debug|x64
		{1E9E8CEE-98C0-44DE-AACE-FBA766F7DBBF}.Debug|x86.ActiveCfg = Debug|x86
		{1E9E8CEE-98C0-44DE-AACE-FBA766F7DBBF}.Debug|x86.Build.0 = Debug|x86
		{1E9E8CEE-98C0-44DE-AACE-FBA766F7DBBF}.Debug|x86.Deploy.0 = Debug|x86
		{1E9E8CEE-98C0-44DE-AACE-FBA766F7DBBF}.Release|Any CPU.ActiveCfg = Release|x86
		{1E9E8CEE-98C0-44DE-AACE-FBA766F7DBBF}.Release|ARM.ActiveCfg = Release|ARM
		{1E9E8CEE-98C0-44DE-AACE-FBA766F7DBBF}.Release|ARM.Build.0 = Release|ARM
		{1E9E8CEE-98C0-44DE-AACE-FBA766F7DBBF}.Release|ARM.Deploy.0 = Release|ARM
		{1E9E8CEE-98C0-44DE-AACE-FBA766F7DBBF}.Release|iPhone.ActiveCfg = Release|x86
		{1E9E8CEE-98C0-44DE-AACE-FBA766F7DBBF}.Release|iPhoneSimulator.ActiveCfg = Release|x86
		{1E9E8CEE-98C0-44DE-AACE-FBA766F7DBBF}.Release|x64.ActiveCfg = Release|x64
		{1E9E8CEE-98C0-44DE-AACE-FBA766F7DBBF}.Release|x64.Build.0 = Release|x64
		{1E9E8CEE-98C0-44DE-AACE-FBA766F7DBBF}.Release|x64.Deploy.0 = Release|x64
		{1E9E8CEE-98C0-44DE-AACE-FBA766F7DBBF}.Release|x86.ActiveCfg = Release|x86
		{1E9E8CEE-98C0-44DE-AACE-FBA766F7DBBF}.Release|x86.Build.0 = Release|x86
		{1E9E8CEE-98C0-44DE-AACE-FBA766F7DBBF}.Release|x86.Deploy.0 = Release|x86
		{C94A34D4-B7A4-4980-8B1F-D2EBBF4A5389}.Ad-Hoc|Any CPU.ActiveCfg = Debug|Any CPU
		{C94A34D4-B7A4-4980-8B1F-D2EBBF4A5389}.Ad-Hoc|Any CPU.Build.0 = Debug|Any CPU
		{C94A34D4-B7A4-4980-8B1F-D2EBBF4A5389}.Ad-Hoc|ARM.ActiveCfg = Debug|Any CPU
		{C94A34D4-B7A4-4980-8B1F-D2EBBF4A5389}.Ad-Hoc|ARM.Build.0 = Debug|Any CPU
		{C94A34D4-B7A4-4980-8B1F-D2EBBF4A5389}.Ad-Hoc|iPhone.ActiveCfg = Debug|Any CPU
		{C94A34D4-B7A4-4980-8B1F-D2EBBF4A5389}.Ad-Hoc|iPhone.Build.0 = Debug|Any CPU
		{C94A34D4-B7A4-4980-8B1F-D2EBBF4A5389}.Ad-Hoc|iPhoneSimulator.ActiveCfg = Debug|Any CPU
		{C94A34D4-B7A4-4980-8B1F-D2EBBF4A5389}.Ad-Hoc|iPhoneSimulator.Build.0 = Debug|Any CPU
		{C94A34D4-B7A4-4980-8B1F-D2EBBF4A5389}.Ad-Hoc|x64.ActiveCfg = Debug|Any CPU
		{C94A34D4-B7A4-4980-8B1F-D2EBBF4A5389}.Ad-Hoc|x64.Build.0 = Debug|Any CPU
		{C94A34D4-B7A4-4980-8B1F-D2EBBF4A5389}.Ad-Hoc|x86.ActiveCfg = Debug|Any CPU
		{C94A34D4-B7A4-4980-8B1F-D2EBBF4A5389}.Ad-Hoc|x86.Build.0 = Debug|Any CPU
		{C94A34D4-B7A4-4980-8B1F-D2EBBF4A5389}.AppStore|Any CPU.ActiveCfg = Debug|Any CPU
		{C94A34D4-B7A4-4980-8B1F-D2EBBF4A5389}.AppStore|Any CPU.Build.0 = Debug|Any CPU
		{C94A34D4-B7A4-4980-8B1F-D2EBBF4A5389}.AppStore|ARM.ActiveCfg = Debug|Any CPU
		{C94A34D4-B7A4-4980-8B1F-D2EBBF4A5389}.AppStore|ARM.Build.0 = Debug|Any CPU
		{C94A34D4-B7A4-4980-8B1F-D2EBBF4A5389}.AppStore|iPhone.ActiveCfg = Debug|Any CPU
		{C94A34D4-B7A4-4980-8B1F-D2EBBF4A5389}.AppStore|iPhone.Build.0 = Debug|Any CPU
		{C94A34D4-B7A4-4980-8B1F-D2EBBF4A5389}.AppStore|iPhoneSimulator.ActiveCfg = Debug|Any CPU
		{C94A34D4-B7A4-4980-8B1F-D2EBBF4A5389}.AppStore|iPhoneSimulator.Build.0 = Debug|Any CPU
		{C94A34D4-B7A4-4980-8B1F-D2EBBF4A5389}.AppStore|x64.ActiveCfg = Debug|Any CPU
		{C94A34D4-B7A4-4980-8B1F-D2EBBF4A5389}.AppStore|x64.Build.0 = Debug|Any CPU
		{C94A34D4-B7A4-4980-8B1F-D2EBBF4A5389}.AppStore|x86.ActiveCfg = Debug|Any CPU
		{C94A34D4-B7A4-4980-8B1F-D2EBBF4A5389}.AppStore|x86.Build.0 = Debug|Any CPU
		{C94A34D4-B7A4-4980-8B1F-D2EBBF4A5389}.Debug|Any CPU.ActiveCfg = Debug|Any CPU
		{C94A34D4-B7A4-4980-8B1F-D2EBBF4A5389}.Debug|Any CPU.Build.0 = Debug|Any CPU
		{C94A34D4-B7A4-4980-8B1F-D2EBBF4A5389}.Debug|ARM.ActiveCfg = Debug|Any CPU
		{C94A34D4-B7A4-4980-8B1F-D2EBBF4A5389}.Debug|ARM.Build.0 = Debug|Any CPU
		{C94A34D4-B7A4-4980-8B1F-D2EBBF4A5389}.Debug|iPhone.ActiveCfg = Debug|Any CPU
		{C94A34D4-B7A4-4980-8B1F-D2EBBF4A5389}.Debug|iPhone.Build.0 = Debug|Any CPU
		{C94A34D4-B7A4-4980-8B1F-D2EBBF4A5389}.Debug|iPhoneSimulator.ActiveCfg = Debug|Any CPU
		{C94A34D4-B7A4-4980-8B1F-D2EBBF4A5389}.Debug|iPhoneSimulator.Build.0 = Debug|Any CPU
		{C94A34D4-B7A4-4980-8B1F-D2EBBF4A5389}.Debug|x64.ActiveCfg = Debug|Any CPU
		{C94A34D4-B7A4-4980-8B1F-D2EBBF4A5389}.Debug|x64.Build.0 = Debug|Any CPU
		{C94A34D4-B7A4-4980-8B1F-D2EBBF4A5389}.Debug|x86.ActiveCfg = Debug|Any CPU
		{C94A34D4-B7A4-4980-8B1F-D2EBBF4A5389}.Debug|x86.Build.0 = Debug|Any CPU
		{C94A34D4-B7A4-4980-8B1F-D2EBBF4A5389}.Release|Any CPU.ActiveCfg = Release|Any CPU
		{C94A34D4-B7A4-4980-8B1F-D2EBBF4A5389}.Release|Any CPU.Build.0 = Release|Any CPU
		{C94A34D4-B7A4-4980-8B1F-D2EBBF4A5389}.Release|ARM.ActiveCfg = Release|Any CPU
		{C94A34D4-B7A4-4980-8B1F-D2EBBF4A5389}.Release|ARM.Build.0 = Release|Any CPU
		{C94A34D4-B7A4-4980-8B1F-D2EBBF4A5389}.Release|iPhone.ActiveCfg = Release|Any CPU
		{C94A34D4-B7A4-4980-8B1F-D2EBBF4A5389}.Release|iPhone.Build.0 = Release|Any CPU
		{C94A34D4-B7A4-4980-8B1F-D2EBBF4A5389}.Release|iPhoneSimulator.ActiveCfg = Release|Any CPU
		{C94A34D4-B7A4-4980-8B1F-D2EBBF4A5389}.Release|iPhoneSimulator.Build.0 = Release|Any CPU
		{C94A34D4-B7A4-4980-8B1F-D2EBBF4A5389}.Release|x64.ActiveCfg = Release|Any CPU
		{C94A34D4-B7A4-4980-8B1F-D2EBBF4A5389}.Release|x64.Build.0 = Release|Any CPU
		{C94A34D4-B7A4-4980-8B1F-D2EBBF4A5389}.Release|x86.ActiveCfg = Release|Any CPU
		{C94A34D4-B7A4-4980-8B1F-D2EBBF4A5389}.Release|x86.Build.0 = Release|Any CPU
	EndGlobalSection
	GlobalSection(SolutionProperties) = preSolution
		HideSolutionNode = FALSE
	EndGlobalSection
	GlobalSection(ExtensibilityGlobals) = postSolution
		SolutionGuid = {2BBE48DD-DD5B-4CBD-A6C6-2DCC095C6708}
	EndGlobalSection
EndGlobal
