
Microsoft Visual Studio Solution File, Format Version 12.00
# Visual Studio 15
VisualStudioVersion = 15.0.27130.0
MinimumVisualStudioVersion = 10.0.40219.1
Project("{FAE04EC0-301F-11D3-BF4B-00C04F79EFBC}") = "UsingDependencyService.Android", "UsingDependencyService.Android\UsingDependencyService.Android.csproj", "{07C2D922-429D-4CB1-BF57-2B5620BFBDA8}"
EndProject
Project("{FAE04EC0-301F-11D3-BF4B-00C04F79EFBC}") = "UsingDependencyService.iOS", "UsingDependencyService.iOS\UsingDependencyService.iOS.csproj", "{EFC74FAD-46ED-445B-8602-37E1F2BD6FA9}"
EndProject
Project("{FAE04EC0-301F-11D3-BF4B-00C04F79EFBC}") = "UsingDependencyService.UWP", "UsingDependencyService.UWP\UsingDependencyService.UWP.csproj", "{B5CEE256-045E-456A-A889-C5DE50F1F8EF}"
EndProject
Project("{FAE04EC0-301F-11D3-BF4B-00C04F79EFBC}") = "UsingDependencyService", "UsingDependencyService\UsingDependencyService.csproj", "{EAE4FA68-7DAD-4237-9D36-8AAFF44ACA35}"
EndProject
Global
	GlobalSection(SolutionConfigurationPlatforms) = preSolution
		Ad-Hoc|Any CPU = Ad-Hoc|Any CPU
		Ad-Hoc|ARM = Ad-Hoc|ARM
		Ad-Hoc|iPhone = Ad-Hoc|iPhone
		Ad-Hoc|iPhoneSimulator = Ad-Hoc|iPhoneSimulator
		Ad-Hoc|x64 = Ad-Hoc|x64
		Ad-Hoc|x86 = Ad-Hoc|x86
		AppStore|Any CPU = AppStore|Any CPU
		AppStore|ARM = AppStore|ARM
		AppStore|iPhone = AppStore|iPhone
		AppStore|iPhoneSimulator = AppStore|iPhoneSimulator
		AppStore|x64 = AppStore|x64
		AppStore|x86 = AppStore|x86
		Debug|Any CPU = Debug|Any CPU
		Debug|ARM = Debug|ARM
		Debug|iPhone = Debug|iPhone
		Debug|iPhoneSimulator = Debug|iPhoneSimulator
		Debug|x64 = Debug|x64
		Debug|x86 = Debug|x86
		Release|Any CPU = Release|Any CPU
		Release|ARM = Release|ARM
		Release|iPhone = Release|iPhone
		Release|iPhoneSimulator = Release|iPhoneSimulator
		Release|x64 = Release|x64
		Release|x86 = Release|x86
	EndGlobalSection
	GlobalSection(ProjectConfigurationPlatforms) = postSolution
		{07C2D922-429D-4CB1-BF57-2B5620BFBDA8}.Ad-Hoc|Any CPU.ActiveCfg = Release|Any CPU
		{07C2D922-429D-4CB1-BF57-2B5620BFBDA8}.Ad-Hoc|Any CPU.Build.0 = Release|Any CPU
		{07C2D922-429D-4CB1-BF57-2B5620BFBDA8}.Ad-Hoc|Any CPU.Deploy.0 = Release|Any CPU
		{07C2D922-429D-4CB1-BF57-2B5620BFBDA8}.Ad-Hoc|ARM.ActiveCfg = Release|Any CPU
		{07C2D922-429D-4CB1-BF57-2B5620BFBDA8}.Ad-Hoc|ARM.Build.0 = Release|Any CPU
		{07C2D922-429D-4CB1-BF57-2B5620BFBDA8}.Ad-Hoc|ARM.Deploy.0 = Release|Any CPU
		{07C2D922-429D-4CB1-BF57-2B5620BFBDA8}.Ad-Hoc|iPhone.ActiveCfg = Release|Any CPU
		{07C2D922-429D-4CB1-BF57-2B5620BFBDA8}.Ad-Hoc|iPhone.Build.0 = Release|Any CPU
		{07C2D922-429D-4CB1-BF57-2B5620BFBDA8}.Ad-Hoc|iPhone.Deploy.0 = Release|Any CPU
		{07C2D922-429D-4CB1-BF57-2B5620BFBDA8}.Ad-Hoc|iPhoneSimulator.ActiveCfg = Release|Any CPU
		{07C2D922-429D-4CB1-BF57-2B5620BFBDA8}.Ad-Hoc|iPhoneSimulator.Build.0 = Release|Any CPU
		{07C2D922-429D-4CB1-BF57-2B5620BFBDA8}.Ad-Hoc|iPhoneSimulator.Deploy.0 = Release|Any CPU
		{07C2D922-429D-4CB1-BF57-2B5620BFBDA8}.Ad-Hoc|x64.ActiveCfg = Release|Any CPU
		{07C2D922-429D-4CB1-BF57-2B5620BFBDA8}.Ad-Hoc|x64.Build.0 = Release|Any CPU
		{07C2D922-429D-4CB1-BF57-2B5620BFBDA8}.Ad-Hoc|x64.Deploy.0 = Release|Any CPU
		{07C2D922-429D-4CB1-BF57-2B5620BFBDA8}.Ad-Hoc|x86.ActiveCfg = Release|Any CPU
		{07C2D922-429D-4CB1-BF57-2B5620BFBDA8}.Ad-Hoc|x86.Build.0 = Release|Any CPU
		{07C2D922-429D-4CB1-BF57-2B5620BFBDA8}.Ad-Hoc|x86.Deploy.0 = Release|Any CPU
		{07C2D922-429D-4CB1-BF57-2B5620BFBDA8}.AppStore|Any CPU.ActiveCfg = Release|Any CPU
		{07C2D922-429D-4CB1-BF57-2B5620BFBDA8}.AppStore|Any CPU.Build.0 = Release|Any CPU
		{07C2D922-429D-4CB1-BF57-2B5620BFBDA8}.AppStore|Any CPU.Deploy.0 = Release|Any CPU
		{07C2D922-429D-4CB1-BF57-2B5620BFBDA8}.AppStore|ARM.ActiveCfg = Release|Any CPU
		{07C2D922-429D-4CB1-BF57-2B5620BFBDA8}.AppStore|ARM.Build.0 = Release|Any CPU
		{07C2D922-429D-4CB1-BF57-2B5620BFBDA8}.AppStore|ARM.Deploy.0 = Release|Any CPU
		{07C2D922-429D-4CB1-BF57-2B5620BFBDA8}.AppStore|iPhone.ActiveCfg = Release|Any CPU
		{07C2D922-429D-4CB1-BF57-2B5620BFBDA8}.AppStore|iPhone.Build.0 = Release|Any CPU
		{07C2D922-429D-4CB1-BF57-2B5620BFBDA8}.AppStore|iPhone.Deploy.0 = Release|Any CPU
		{07C2D922-429D-4CB1-BF57-2B5620BFBDA8}.AppStore|iPhoneSimulator.ActiveCfg = Release|Any CPU
		{07C2D922-429D-4CB1-BF57-2B5620BFBDA8}.AppStore|iPhoneSimulator.Build.0 = Release|Any CPU
		{07C2D922-429D-4CB1-BF57-2B5620BFBDA8}.AppStore|iPhoneSimulator.Deploy.0 = Release|Any CPU
		{07C2D922-429D-4CB1-BF57-2B5620BFBDA8}.AppStore|x64.ActiveCfg = Release|Any CPU
		{07C2D922-429D-4CB1-BF57-2B5620BFBDA8}.AppStore|x64.Build.0 = Release|Any CPU
		{07C2D922-429D-4CB1-BF57-2B5620BFBDA8}.AppStore|x64.Deploy.0 = Release|Any CPU
		{07C2D922-429D-4CB1-BF57-2B5620BFBDA8}.AppStore|x86.ActiveCfg = Release|Any CPU
		{07C2D922-429D-4CB1-BF57-2B5620BFBDA8}.AppStore|x86.Build.0 = Release|Any CPU
		{07C2D922-429D-4CB1-BF57-2B5620BFBDA8}.AppStore|x86.Deploy.0 = Release|Any CPU
		{07C2D922-429D-4CB1-BF57-2B5620BFBDA8}.Debug|Any CPU.ActiveCfg = Debug|Any CPU
		{07C2D922-429D-4CB1-BF57-2B5620BFBDA8}.Debug|Any CPU.Build.0 = Debug|Any CPU
		{07C2D922-429D-4CB1-BF57-2B5620BFBDA8}.Debug|Any CPU.Deploy.0 = Debug|Any CPU
		{07C2D922-429D-4CB1-BF57-2B5620BFBDA8}.Debug|ARM.ActiveCfg = Debug|Any CPU
		{07C2D922-429D-4CB1-BF57-2B5620BFBDA8}.Debug|ARM.Build.0 = Debug|Any CPU
		{07C2D922-429D-4CB1-BF57-2B5620BFBDA8}.Debug|ARM.Deploy.0 = Debug|Any CPU
		{07C2D922-429D-4CB1-BF57-2B5620BFBDA8}.Debug|iPhone.ActiveCfg = Debug|Any CPU
		{07C2D922-429D-4CB1-BF57-2B5620BFBDA8}.Debug|iPhone.Build.0 = Debug|Any CPU
		{07C2D922-429D-4CB1-BF57-2B5620BFBDA8}.Debug|iPhone.Deploy.0 = Debug|Any CPU
		{07C2D922-429D-4CB1-BF57-2B5620BFBDA8}.Debug|iPhoneSimulator.ActiveCfg = Debug|Any CPU
		{07C2D922-429D-4CB1-BF57-2B5620BFBDA8}.Debug|iPhoneSimulator.Build.0 = Debug|Any CPU
		{07C2D922-429D-4CB1-BF57-2B5620BFBDA8}.Debug|iPhoneSimulator.Deploy.0 = Debug|Any CPU
		{07C2D922-429D-4CB1-BF57-2B5620BFBDA8}.Debug|x64.ActiveCfg = Debug|Any CPU
		{07C2D922-429D-4CB1-BF57-2B5620BFBDA8}.Debug|x64.Build.0 = Debug|Any CPU
		{07C2D922-429D-4CB1-BF57-2B5620BFBDA8}.Debug|x64.Deploy.0 = Debug|Any CPU
		{07C2D922-429D-4CB1-BF57-2B5620BFBDA8}.Debug|x86.ActiveCfg = Debug|Any CPU
		{07C2D922-429D-4CB1-BF57-2B5620BFBDA8}.Debug|x86.Build.0 = Debug|Any CPU
		{07C2D922-429D-4CB1-BF57-2B5620BFBDA8}.Debug|x86.Deploy.0 = Debug|Any CPU
		{07C2D922-429D-4CB1-BF57-2B5620BFBDA8}.Release|Any CPU.ActiveCfg = Release|Any CPU
		{07C2D922-429D-4CB1-BF57-2B5620BFBDA8}.Release|Any CPU.Build.0 = Release|Any CPU
		{07C2D922-429D-4CB1-BF57-2B5620BFBDA8}.Release|Any CPU.Deploy.0 = Release|Any CPU
		{07C2D922-429D-4CB1-BF57-2B5620BFBDA8}.Release|ARM.ActiveCfg = Release|Any CPU
		{07C2D922-429D-4CB1-BF57-2B5620BFBDA8}.Release|ARM.Build.0 = Release|Any CPU
		{07C2D922-429D-4CB1-BF57-2B5620BFBDA8}.Release|ARM.Deploy.0 = Release|Any CPU
		{07C2D922-429D-4CB1-BF57-2B5620BFBDA8}.Release|iPhone.ActiveCfg = Release|Any CPU
		{07C2D922-429D-4CB1-BF57-2B5620BFBDA8}.Release|iPhone.Build.0 = Release|Any CPU
		{07C2D922-429D-4CB1-BF57-2B5620BFBDA8}.Release|iPhone.Deploy.0 = Release|Any CPU
		{07C2D922-429D-4CB1-BF57-2B5620BFBDA8}.Release|iPhoneSimulator.ActiveCfg = Release|Any CPU
		{07C2D922-429D-4CB1-BF57-2B5620BFBDA8}.Release|iPhoneSimulator.Build.0 = Release|Any CPU
		{07C2D922-429D-4CB1-BF57-2B5620BFBDA8}.Release|iPhoneSimulator.Deploy.0 = Release|Any CPU
		{07C2D922-429D-4CB1-BF57-2B5620BFBDA8}.Release|x64.ActiveCfg = Release|Any CPU
		{07C2D922-429D-4CB1-BF57-2B5620BFBDA8}.Release|x64.Build.0 = Release|Any CPU
		{07C2D922-429D-4CB1-BF57-2B5620BFBDA8}.Release|x64.Deploy.0 = Release|Any CPU
		{07C2D922-429D-4CB1-BF57-2B5620BFBDA8}.Release|x86.ActiveCfg = Release|Any CPU
		{07C2D922-429D-4CB1-BF57-2B5620BFBDA8}.Release|x86.Build.0 = Release|Any CPU
		{07C2D922-429D-4CB1-BF57-2B5620BFBDA8}.Release|x86.Deploy.0 = Release|Any CPU
		{EFC74FAD-46ED-445B-8602-37E1F2BD6FA9}.Ad-Hoc|Any CPU.ActiveCfg = Ad-Hoc|iPhone
		{EFC74FAD-46ED-445B-8602-37E1F2BD6FA9}.Ad-Hoc|ARM.ActiveCfg = Ad-Hoc|iPhone
		{EFC74FAD-46ED-445B-8602-37E1F2BD6FA9}.Ad-Hoc|iPhone.ActiveCfg = Ad-Hoc|iPhone
		{EFC74FAD-46ED-445B-8602-37E1F2BD6FA9}.Ad-Hoc|iPhone.Build.0 = Ad-Hoc|iPhone
		{EFC74FAD-46ED-445B-8602-37E1F2BD6FA9}.Ad-Hoc|iPhoneSimulator.ActiveCfg = Ad-Hoc|iPhoneSimulator
		{EFC74FAD-46ED-445B-8602-37E1F2BD6FA9}.Ad-Hoc|iPhoneSimulator.Build.0 = Ad-Hoc|iPhoneSimulator
		{EFC74FAD-46ED-445B-8602-37E1F2BD6FA9}.Ad-Hoc|x64.ActiveCfg = Ad-Hoc|iPhone
		{EFC74FAD-46ED-445B-8602-37E1F2BD6FA9}.Ad-Hoc|x86.ActiveCfg = Ad-Hoc|iPhone
		{EFC74FAD-46ED-445B-8602-37E1F2BD6FA9}.AppStore|Any CPU.ActiveCfg = AppStore|iPhone
		{EFC74FAD-46ED-445B-8602-37E1F2BD6FA9}.AppStore|ARM.ActiveCfg = AppStore|iPhone
		{EFC74FAD-46ED-445B-8602-37E1F2BD6FA9}.AppStore|iPhone.ActiveCfg = AppStore|iPhone
		{EFC74FAD-46ED-445B-8602-37E1F2BD6FA9}.AppStore|iPhone.Build.0 = AppStore|iPhone
		{EFC74FAD-46ED-445B-8602-37E1F2BD6FA9}.AppStore|iPhoneSimulator.ActiveCfg = AppStore|iPhoneSimulator
		{EFC74FAD-46ED-445B-8602-37E1F2BD6FA9}.AppStore|iPhoneSimulator.Build.0 = AppStore|iPhoneSimulator
		{EFC74FAD-46ED-445B-8602-37E1F2BD6FA9}.AppStore|x64.ActiveCfg = AppStore|iPhone
		{EFC74FAD-46ED-445B-8602-37E1F2BD6FA9}.AppStore|x86.ActiveCfg = AppStore|iPhone
		{EFC74FAD-46ED-445B-8602-37E1F2BD6FA9}.Debug|Any CPU.ActiveCfg = Debug|iPhone
		{EFC74FAD-46ED-445B-8602-37E1F2BD6FA9}.Debug|ARM.ActiveCfg = Debug|iPhone
		{EFC74FAD-46ED-445B-8602-37E1F2BD6FA9}.Debug|iPhone.ActiveCfg = Debug|iPhone
		{EFC74FAD-46ED-445B-8602-37E1F2BD6FA9}.Debug|iPhone.Build.0 = Debug|iPhone
		{EFC74FAD-46ED-445B-8602-37E1F2BD6FA9}.Debug|iPhoneSimulator.ActiveCfg = Debug|iPhoneSimulator
		{EFC74FAD-46ED-445B-8602-37E1F2BD6FA9}.Debug|iPhoneSimulator.Build.0 = Debug|iPhoneSimulator
		{EFC74FAD-46ED-445B-8602-37E1F2BD6FA9}.Debug|x64.ActiveCfg = Debug|iPhone
		{EFC74FAD-46ED-445B-8602-37E1F2BD6FA9}.Debug|x86.ActiveCfg = Debug|iPhone
		{EFC74FAD-46ED-445B-8602-37E1F2BD6FA9}.Release|Any CPU.ActiveCfg = Release|iPhone
		{EFC74FAD-46ED-445B-8602-37E1F2BD6FA9}.Release|ARM.ActiveCfg = Release|iPhone
		{EFC74FAD-46ED-445B-8602-37E1F2BD6FA9}.Release|iPhone.ActiveCfg = Release|iPhone
		{EFC74FAD-46ED-445B-8602-37E1F2BD6FA9}.Release|iPhone.Build.0 = Release|iPhone
		{EFC74FAD-46ED-445B-8602-37E1F2BD6FA9}.Release|iPhoneSimulator.ActiveCfg = Release|iPhoneSimulator
		{EFC74FAD-46ED-445B-8602-37E1F2BD6FA9}.Release|iPhoneSimulator.Build.0 = Release|iPhoneSimulator
		{EFC74FAD-46ED-445B-8602-37E1F2BD6FA9}.Release|x64.ActiveCfg = Release|iPhone
		{EFC74FAD-46ED-445B-8602-37E1F2BD6FA9}.Release|x86.ActiveCfg = Release|iPhone
		{B5CEE256-045E-456A-A889-C5DE50F1F8EF}.Ad-Hoc|Any CPU.ActiveCfg = Release|x86
		{B5CEE256-045E-456A-A889-C5DE50F1F8EF}.Ad-Hoc|Any CPU.Build.0 = Release|x86
		{B5CEE256-045E-456A-A889-C5DE50F1F8EF}.Ad-Hoc|Any CPU.Deploy.0 = Release|x86
		{B5CEE256-045E-456A-A889-C5DE50F1F8EF}.Ad-Hoc|ARM.ActiveCfg = Release|ARM
		{B5CEE256-045E-456A-A889-C5DE50F1F8EF}.Ad-Hoc|ARM.Build.0 = Release|ARM
		{B5CEE256-045E-456A-A889-C5DE50F1F8EF}.Ad-Hoc|ARM.Deploy.0 = Release|ARM
		{B5CEE256-045E-456A-A889-C5DE50F1F8EF}.Ad-Hoc|iPhone.ActiveCfg = Release|x86
		{B5CEE256-045E-456A-A889-C5DE50F1F8EF}.Ad-Hoc|iPhone.Build.0 = Release|x86
		{B5CEE256-045E-456A-A889-C5DE50F1F8EF}.Ad-Hoc|iPhone.Deploy.0 = Release|x86
		{B5CEE256-045E-456A-A889-C5DE50F1F8EF}.Ad-Hoc|iPhoneSimulator.ActiveCfg = Release|x86
		{B5CEE256-045E-456A-A889-C5DE50F1F8EF}.Ad-Hoc|iPhoneSimulator.Build.0 = Release|x86
		{B5CEE256-045E-456A-A889-C5DE50F1F8EF}.Ad-Hoc|iPhoneSimulator.Deploy.0 = Release|x86
		{B5CEE256-045E-456A-A889-C5DE50F1F8EF}.Ad-Hoc|x64.ActiveCfg = Release|x64
		{B5CEE256-045E-456A-A889-C5DE50F1F8EF}.Ad-Hoc|x64.Build.0 = Release|x64
		{B5CEE256-045E-456A-A889-C5DE50F1F8EF}.Ad-Hoc|x64.Deploy.0 = Release|x64
		{B5CEE256-045E-456A-A889-C5DE50F1F8EF}.Ad-Hoc|x86.ActiveCfg = Release|x86
		{B5CEE256-045E-456A-A889-C5DE50F1F8EF}.Ad-Hoc|x86.Build.0 = Release|x86
		{B5CEE256-045E-456A-A889-C5DE50F1F8EF}.Ad-Hoc|x86.Deploy.0 = Release|x86
		{B5CEE256-045E-456A-A889-C5DE50F1F8EF}.AppStore|Any CPU.ActiveCfg = Release|x86
		{B5CEE256-045E-456A-A889-C5DE50F1F8EF}.AppStore|Any CPU.Build.0 = Release|x86
		{B5CEE256-045E-456A-A889-C5DE50F1F8EF}.AppStore|Any CPU.Deploy.0 = Release|x86
		{B5CEE256-045E-456A-A889-C5DE50F1F8EF}.AppStore|ARM.ActiveCfg = Release|ARM
		{B5CEE256-045E-456A-A889-C5DE50F1F8EF}.AppStore|ARM.Build.0 = Release|ARM
		{B5CEE256-045E-456A-A889-C5DE50F1F8EF}.AppStore|ARM.Deploy.0 = Release|ARM
		{B5CEE256-045E-456A-A889-C5DE50F1F8EF}.AppStore|iPhone.ActiveCfg = Release|x86
		{B5CEE256-045E-456A-A889-C5DE50F1F8EF}.AppStore|iPhone.Build.0 = Release|x86
		{B5CEE256-045E-456A-A889-C5DE50F1F8EF}.AppStore|iPhone.Deploy.0 = Release|x86
		{B5CEE256-045E-456A-A889-C5DE50F1F8EF}.AppStore|iPhoneSimulator.ActiveCfg = Release|x86
		{B5CEE256-045E-456A-A889-C5DE50F1F8EF}.AppStore|iPhoneSimulator.Build.0 = Release|x86
		{B5CEE256-045E-456A-A889-C5DE50F1F8EF}.AppStore|iPhoneSimulator.Deploy.0 = Release|x86
		{B5CEE256-045E-456A-A889-C5DE50F1F8EF}.AppStore|x64.ActiveCfg = Release|x64
		{B5CEE256-045E-456A-A889-C5DE50F1F8EF}.AppStore|x64.Build.0 = Release|x64
		{B5CEE256-045E-456A-A889-C5DE50F1F8EF}.AppStore|x64.Deploy.0 = Release|x64
		{B5CEE256-045E-456A-A889-C5DE50F1F8EF}.AppStore|x86.ActiveCfg = Release|x86
		{B5CEE256-045E-456A-A889-C5DE50F1F8EF}.AppStore|x86.Build.0 = Release|x86
		{B5CEE256-045E-456A-A889-C5DE50F1F8EF}.AppStore|x86.Deploy.0 = Release|x86
		{B5CEE256-045E-456A-A889-C5DE50F1F8EF}.Debug|Any CPU.ActiveCfg = Debug|x86
		{B5CEE256-045E-456A-A889-C5DE50F1F8EF}.Debug|ARM.ActiveCfg = Debug|ARM
		{B5CEE256-045E-456A-A889-C5DE50F1F8EF}.Debug|ARM.Build.0 = Debug|ARM
		{B5CEE256-045E-456A-A889-C5DE50F1F8EF}.Debug|ARM.Deploy.0 = Debug|ARM
		{B5CEE256-045E-456A-A889-C5DE50F1F8EF}.Debug|iPhone.ActiveCfg = Debug|x86
		{B5CEE256-045E-456A-A889-C5DE50F1F8EF}.Debug|iPhoneSimulator.ActiveCfg = Debug|x86
		{B5CEE256-045E-456A-A889-C5DE50F1F8EF}.Debug|x64.ActiveCfg = Debug|x64
		{B5CEE256-045E-456A-A889-C5DE50F1F8EF}.Debug|x64.Build.0 = Debug|x64
		{B5CEE256-045E-456A-A889-C5DE50F1F8EF}.Debug|x64.Deploy.0 = Debug|x64
		{B5CEE256-045E-456A-A889-C5DE50F1F8EF}.Debug|x86.ActiveCfg = Debug|x86
		{B5CEE256-045E-456A-A889-C5DE50F1F8EF}.Debug|x86.Build.0 = Debug|x86
		{B5CEE256-045E-456A-A889-C5DE50F1F8EF}.Debug|x86.Deploy.0 = Debug|x86
		{B5CEE256-045E-456A-A889-C5DE50F1F8EF}.Release|Any CPU.ActiveCfg = Release|x86
		{B5CEE256-045E-456A-A889-C5DE50F1F8EF}.Release|ARM.ActiveCfg = Release|ARM
		{B5CEE256-045E-456A-A889-C5DE50F1F8EF}.Release|ARM.Build.0 = Release|ARM
		{B5CEE256-045E-456A-A889-C5DE50F1F8EF}.Release|ARM.Deploy.0 = Release|ARM
		{B5CEE256-045E-456A-A889-C5DE50F1F8EF}.Release|iPhone.ActiveCfg = Release|x86
		{B5CEE256-045E-456A-A889-C5DE50F1F8EF}.Release|iPhoneSimulator.ActiveCfg = Release|x86
		{B5CEE256-045E-456A-A889-C5DE50F1F8EF}.Release|x64.ActiveCfg = Release|x64
		{B5CEE256-045E-456A-A889-C5DE50F1F8EF}.Release|x64.Build.0 = Release|x64
		{B5CEE256-045E-456A-A889-C5DE50F1F8EF}.Release|x64.Deploy.0 = Release|x64
		{B5CEE256-045E-456A-A889-C5DE50F1F8EF}.Release|x86.ActiveCfg = Release|x86
		{B5CEE256-045E-456A-A889-C5DE50F1F8EF}.Release|x86.Build.0 = Release|x86
		{B5CEE256-045E-456A-A889-C5DE50F1F8EF}.Release|x86.Deploy.0 = Release|x86
		{EAE4FA68-7DAD-4237-9D36-8AAFF44ACA35}.Ad-Hoc|Any CPU.ActiveCfg = Debug|Any CPU
		{EAE4FA68-7DAD-4237-9D36-8AAFF44ACA35}.Ad-Hoc|Any CPU.Build.0 = Debug|Any CPU
		{EAE4FA68-7DAD-4237-9D36-8AAFF44ACA35}.Ad-Hoc|ARM.ActiveCfg = Debug|Any CPU
		{EAE4FA68-7DAD-4237-9D36-8AAFF44ACA35}.Ad-Hoc|ARM.Build.0 = Debug|Any CPU
		{EAE4FA68-7DAD-4237-9D36-8AAFF44ACA35}.Ad-Hoc|iPhone.ActiveCfg = Debug|Any CPU
		{EAE4FA68-7DAD-4237-9D36-8AAFF44ACA35}.Ad-Hoc|iPhone.Build.0 = Debug|Any CPU
		{EAE4FA68-7DAD-4237-9D36-8AAFF44ACA35}.Ad-Hoc|iPhoneSimulator.ActiveCfg = Debug|Any CPU
		{EAE4FA68-7DAD-4237-9D36-8AAFF44ACA35}.Ad-Hoc|iPhoneSimulator.Build.0 = Debug|Any CPU
		{EAE4FA68-7DAD-4237-9D36-8AAFF44ACA35}.Ad-Hoc|x64.ActiveCfg = Debug|Any CPU
		{EAE4FA68-7DAD-4237-9D36-8AAFF44ACA35}.Ad-Hoc|x64.Build.0 = Debug|Any CPU
		{EAE4FA68-7DAD-4237-9D36-8AAFF44ACA35}.Ad-Hoc|x86.ActiveCfg = Debug|Any CPU
		{EAE4FA68-7DAD-4237-9D36-8AAFF44ACA35}.Ad-Hoc|x86.Build.0 = Debug|Any CPU
		{EAE4FA68-7DAD-4237-9D36-8AAFF44ACA35}.AppStore|Any CPU.ActiveCfg = Debug|Any CPU
		{EAE4FA68-7DAD-4237-9D36-8AAFF44ACA35}.AppStore|Any CPU.Build.0 = Debug|Any CPU
		{EAE4FA68-7DAD-4237-9D36-8AAFF44ACA35}.AppStore|ARM.ActiveCfg = Debug|Any CPU
		{EAE4FA68-7DAD-4237-9D36-8AAFF44ACA35}.AppStore|ARM.Build.0 = Debug|Any CPU
		{EAE4FA68-7DAD-4237-9D36-8AAFF44ACA35}.AppStore|iPhone.ActiveCfg = Debug|Any CPU
		{EAE4FA68-7DAD-4237-9D36-8AAFF44ACA35}.AppStore|iPhone.Build.0 = Debug|Any CPU
		{EAE4FA68-7DAD-4237-9D36-8AAFF44ACA35}.AppStore|iPhoneSimulator.ActiveCfg = Debug|Any CPU
		{EAE4FA68-7DAD-4237-9D36-8AAFF44ACA35}.AppStore|iPhoneSimulator.Build.0 = Debug|Any CPU
		{EAE4FA68-7DAD-4237-9D36-8AAFF44ACA35}.AppStore|x64.ActiveCfg = Debug|Any CPU
		{EAE4FA68-7DAD-4237-9D36-8AAFF44ACA35}.AppStore|x64.Build.0 = Debug|Any CPU
		{EAE4FA68-7DAD-4237-9D36-8AAFF44ACA35}.AppStore|x86.ActiveCfg = Debug|Any CPU
		{EAE4FA68-7DAD-4237-9D36-8AAFF44ACA35}.AppStore|x86.Build.0 = Debug|Any CPU
		{EAE4FA68-7DAD-4237-9D36-8AAFF44ACA35}.Debug|Any CPU.ActiveCfg = Debug|Any CPU
		{EAE4FA68-7DAD-4237-9D36-8AAFF44ACA35}.Debug|Any CPU.Build.0 = Debug|Any CPU
		{EAE4FA68-7DAD-4237-9D36-8AAFF44ACA35}.Debug|ARM.ActiveCfg = Debug|Any CPU
		{EAE4FA68-7DAD-4237-9D36-8AAFF44ACA35}.Debug|ARM.Build.0 = Debug|Any CPU
		{EAE4FA68-7DAD-4237-9D36-8AAFF44ACA35}.Debug|iPhone.ActiveCfg = Debug|Any CPU
		{EAE4FA68-7DAD-4237-9D36-8AAFF44ACA35}.Debug|iPhone.Build.0 = Debug|Any CPU
		{EAE4FA68-7DAD-4237-9D36-8AAFF44ACA35}.Debug|iPhoneSimulator.ActiveCfg = Debug|Any CPU
		{EAE4FA68-7DAD-4237-9D36-8AAFF44ACA35}.Debug|iPhoneSimulator.Build.0 = Debug|Any CPU
		{EAE4FA68-7DAD-4237-9D36-8AAFF44ACA35}.Debug|x64.ActiveCfg = Debug|Any CPU
		{EAE4FA68-7DAD-4237-9D36-8AAFF44ACA35}.Debug|x64.Build.0 = Debug|Any CPU
		{EAE4FA68-7DAD-4237-9D36-8AAFF44ACA35}.Debug|x86.ActiveCfg = Debug|Any CPU
		{EAE4FA68-7DAD-4237-9D36-8AAFF44ACA35}.Debug|x86.Build.0 = Debug|Any CPU
		{EAE4FA68-7DAD-4237-9D36-8AAFF44ACA35}.Release|Any CPU.ActiveCfg = Release|Any CPU
		{EAE4FA68-7DAD-4237-9D36-8AAFF44ACA35}.Release|Any CPU.Build.0 = Release|Any CPU
		{EAE4FA68-7DAD-4237-9D36-8AAFF44ACA35}.Release|ARM.ActiveCfg = Release|Any CPU
		{EAE4FA68-7DAD-4237-9D36-8AAFF44ACA35}.Release|ARM.Build.0 = Release|Any CPU
		{EAE4FA68-7DAD-4237-9D36-8AAFF44ACA35}.Release|iPhone.ActiveCfg = Release|Any CPU
		{EAE4FA68-7DAD-4237-9D36-8AAFF44ACA35}.Release|iPhone.Build.0 = Release|Any CPU
		{EAE4FA68-7DAD-4237-9D36-8AAFF44ACA35}.Release|iPhoneSimulator.ActiveCfg = Release|Any CPU
		{EAE4FA68-7DAD-4237-9D36-8AAFF44ACA35}.Release|iPhoneSimulator.Build.0 = Release|Any CPU
		{EAE4FA68-7DAD-4237-9D36-8AAFF44ACA35}.Release|x64.ActiveCfg = Release|Any CPU
		{EAE4FA68-7DAD-4237-9D36-8AAFF44ACA35}.Release|x64.Build.0 = Release|Any CPU
		{EAE4FA68-7DAD-4237-9D36-8AAFF44ACA35}.Release|x86.ActiveCfg = Release|Any CPU
		{EAE4FA68-7DAD-4237-9D36-8AAFF44ACA35}.Release|x86.Build.0 = Release|Any CPU
	EndGlobalSection
	GlobalSection(SolutionProperties) = preSolution
		HideSolutionNode = FALSE
	EndGlobalSection
	GlobalSection(ExtensibilityGlobals) = postSolution
		SolutionGuid = {426EBF8D-09D6-48EF-9A69-3FE66EE5A7B5}
	EndGlobalSection
EndGlobal
