
Microsoft Visual Studio Solution File, Format Version 12.00
# Visual Studio 15
VisualStudioVersion = 15.0.27130.0
MinimumVisualStudioVersion = 10.0.40219.1
Project("{FAE04EC0-301F-11D3-BF4B-00C04F79EFBC}") = "UsingEventAggregator.Android", "UsingEventAggregator.Android\UsingEventAggregator.Android.csproj", "{F41FCAEB-2531-43EF-A2D0-2236A16A5D0C}"
EndProject
Project("{FAE04EC0-301F-11D3-BF4B-00C04F79EFBC}") = "UsingEventAggregator.iOS", "UsingEventAggregator.iOS\UsingEventAggregator.iOS.csproj", "{D023AC1E-CA5A-4EE4-9AB8-C169483D2125}"
EndProject
Project("{FAE04EC0-301F-11D3-BF4B-00C04F79EFBC}") = "UsingEventAggregator.UWP", "UsingEventAggregator.UWP\UsingEventAggregator.UWP.csproj", "{F701C12C-99C2-4A21-8901-8AFC2B9DC8BA}"
EndProject
Project("{FAE04EC0-301F-11D3-BF4B-00C04F79EFBC}") = "UsingEventAggregator", "UsingEventAggregator\UsingEventAggregator.csproj", "{A6BFC38E-3680-428A-A520-ECD430D8664B}"
EndProject
Project("{FAE04EC0-301F-11D3-BF4B-00C04F79EFBC}") = "UsingEventAggregator.Models", "UsingEventAggregator.Models\UsingEventAggregator.Models.csproj", "{4BD400D2-DFD2-44F0-BCE2-995AA60893EC}"
EndProject
Global
	GlobalSection(SolutionConfigurationPlatforms) = preSolution
		Ad-Hoc|Any CPU = Ad-Hoc|Any CPU
		Ad-Hoc|ARM = Ad-Hoc|ARM
		Ad-Hoc|iPhone = Ad-Hoc|iPhone
		Ad-Hoc|iPhoneSimulator = Ad-Hoc|iPhoneSimulator
		Ad-Hoc|x64 = Ad-Hoc|x64
		Ad-Hoc|x86 = Ad-Hoc|x86
		AppStore|Any CPU = AppStore|Any CPU
		AppStore|ARM = AppStore|ARM
		AppStore|iPhone = AppStore|iPhone
		AppStore|iPhoneSimulator = AppStore|iPhoneSimulator
		AppStore|x64 = AppStore|x64
		AppStore|x86 = AppStore|x86
		Debug|Any CPU = Debug|Any CPU
		Debug|ARM = Debug|ARM
		Debug|iPhone = Debug|iPhone
		Debug|iPhoneSimulator = Debug|iPhoneSimulator
		Debug|x64 = Debug|x64
		Debug|x86 = Debug|x86
		Release|Any CPU = Release|Any CPU
		Release|ARM = Release|ARM
		Release|iPhone = Release|iPhone
		Release|iPhoneSimulator = Release|iPhoneSimulator
		Release|x64 = Release|x64
		Release|x86 = Release|x86
	EndGlobalSection
	GlobalSection(ProjectConfigurationPlatforms) = postSolution
		{F41FCAEB-2531-43EF-A2D0-2236A16A5D0C}.Ad-Hoc|Any CPU.ActiveCfg = Release|Any CPU
		{F41FCAEB-2531-43EF-A2D0-2236A16A5D0C}.Ad-Hoc|Any CPU.Build.0 = Release|Any CPU
		{F41FCAEB-2531-43EF-A2D0-2236A16A5D0C}.Ad-Hoc|Any CPU.Deploy.0 = Release|Any CPU
		{F41FCAEB-2531-43EF-A2D0-2236A16A5D0C}.Ad-Hoc|ARM.ActiveCfg = Release|Any CPU
		{F41FCAEB-2531-43EF-A2D0-2236A16A5D0C}.Ad-Hoc|ARM.Build.0 = Release|Any CPU
		{F41FCAEB-2531-43EF-A2D0-2236A16A5D0C}.Ad-Hoc|ARM.Deploy.0 = Release|Any CPU
		{F41FCAEB-2531-43EF-A2D0-2236A16A5D0C}.Ad-Hoc|iPhone.ActiveCfg = Release|Any CPU
		{F41FCAEB-2531-43EF-A2D0-2236A16A5D0C}.Ad-Hoc|iPhone.Build.0 = Release|Any CPU
		{F41FCAEB-2531-43EF-A2D0-2236A16A5D0C}.Ad-Hoc|iPhone.Deploy.0 = Release|Any CPU
		{F41FCAEB-2531-43EF-A2D0-2236A16A5D0C}.Ad-Hoc|iPhoneSimulator.ActiveCfg = Release|Any CPU
		{F41FCAEB-2531-43EF-A2D0-2236A16A5D0C}.Ad-Hoc|iPhoneSimulator.Build.0 = Release|Any CPU
		{F41FCAEB-2531-43EF-A2D0-2236A16A5D0C}.Ad-Hoc|iPhoneSimulator.Deploy.0 = Release|Any CPU
		{F41FCAEB-2531-43EF-A2D0-2236A16A5D0C}.Ad-Hoc|x64.ActiveCfg = Release|Any CPU
		{F41FCAEB-2531-43EF-A2D0-2236A16A5D0C}.Ad-Hoc|x64.Build.0 = Release|Any CPU
		{F41FCAEB-2531-43EF-A2D0-2236A16A5D0C}.Ad-Hoc|x64.Deploy.0 = Release|Any CPU
		{F41FCAEB-2531-43EF-A2D0-2236A16A5D0C}.Ad-Hoc|x86.ActiveCfg = Release|Any CPU
		{F41FCAEB-2531-43EF-A2D0-2236A16A5D0C}.Ad-Hoc|x86.Build.0 = Release|Any CPU
		{F41FCAEB-2531-43EF-A2D0-2236A16A5D0C}.Ad-Hoc|x86.Deploy.0 = Release|Any CPU
		{F41FCAEB-2531-43EF-A2D0-2236A16A5D0C}.AppStore|Any CPU.ActiveCfg = Release|Any CPU
		{F41FCAEB-2531-43EF-A2D0-2236A16A5D0C}.AppStore|Any CPU.Build.0 = Release|Any CPU
		{F41FCAEB-2531-43EF-A2D0-2236A16A5D0C}.AppStore|Any CPU.Deploy.0 = Release|Any CPU
		{F41FCAEB-2531-43EF-A2D0-2236A16A5D0C}.AppStore|ARM.ActiveCfg = Release|Any CPU
		{F41FCAEB-2531-43EF-A2D0-2236A16A5D0C}.AppStore|ARM.Build.0 = Release|Any CPU
		{F41FCAEB-2531-43EF-A2D0-2236A16A5D0C}.AppStore|ARM.Deploy.0 = Release|Any CPU
		{F41FCAEB-2531-43EF-A2D0-2236A16A5D0C}.AppStore|iPhone.ActiveCfg = Release|Any CPU
		{F41FCAEB-2531-43EF-A2D0-2236A16A5D0C}.AppStore|iPhone.Build.0 = Release|Any CPU
		{F41FCAEB-2531-43EF-A2D0-2236A16A5D0C}.AppStore|iPhone.Deploy.0 = Release|Any CPU
		{F41FCAEB-2531-43EF-A2D0-2236A16A5D0C}.AppStore|iPhoneSimulator.ActiveCfg = Release|Any CPU
		{F41FCAEB-2531-43EF-A2D0-2236A16A5D0C}.AppStore|iPhoneSimulator.Build.0 = Release|Any CPU
		{F41FCAEB-2531-43EF-A2D0-2236A16A5D0C}.AppStore|iPhoneSimulator.Deploy.0 = Release|Any CPU
		{F41FCAEB-2531-43EF-A2D0-2236A16A5D0C}.AppStore|x64.ActiveCfg = Release|Any CPU
		{F41FCAEB-2531-43EF-A2D0-2236A16A5D0C}.AppStore|x64.Build.0 = Release|Any CPU
		{F41FCAEB-2531-43EF-A2D0-2236A16A5D0C}.AppStore|x64.Deploy.0 = Release|Any CPU
		{F41FCAEB-2531-43EF-A2D0-2236A16A5D0C}.AppStore|x86.ActiveCfg = Release|Any CPU
		{F41FCAEB-2531-43EF-A2D0-2236A16A5D0C}.AppStore|x86.Build.0 = Release|Any CPU
		{F41FCAEB-2531-43EF-A2D0-2236A16A5D0C}.AppStore|x86.Deploy.0 = Release|Any CPU
		{F41FCAEB-2531-43EF-A2D0-2236A16A5D0C}.Debug|Any CPU.ActiveCfg = Debug|Any CPU
		{F41FCAEB-2531-43EF-A2D0-2236A16A5D0C}.Debug|Any CPU.Build.0 = Debug|Any CPU
		{F41FCAEB-2531-43EF-A2D0-2236A16A5D0C}.Debug|Any CPU.Deploy.0 = Debug|Any CPU
		{F41FCAEB-2531-43EF-A2D0-2236A16A5D0C}.Debug|ARM.ActiveCfg = Debug|Any CPU
		{F41FCAEB-2531-43EF-A2D0-2236A16A5D0C}.Debug|ARM.Build.0 = Debug|Any CPU
		{F41FCAEB-2531-43EF-A2D0-2236A16A5D0C}.Debug|ARM.Deploy.0 = Debug|Any CPU
		{F41FCAEB-2531-43EF-A2D0-2236A16A5D0C}.Debug|iPhone.ActiveCfg = Debug|Any CPU
		{F41FCAEB-2531-43EF-A2D0-2236A16A5D0C}.Debug|iPhone.Build.0 = Debug|Any CPU
		{F41FCAEB-2531-43EF-A2D0-2236A16A5D0C}.Debug|iPhone.Deploy.0 = Debug|Any CPU
		{F41FCAEB-2531-43EF-A2D0-2236A16A5D0C}.Debug|iPhoneSimulator.ActiveCfg = Debug|Any CPU
		{F41FCAEB-2531-43EF-A2D0-2236A16A5D0C}.Debug|iPhoneSimulator.Build.0 = Debug|Any CPU
		{F41FCAEB-2531-43EF-A2D0-2236A16A5D0C}.Debug|iPhoneSimulator.Deploy.0 = Debug|Any CPU
		{F41FCAEB-2531-43EF-A2D0-2236A16A5D0C}.Debug|x64.ActiveCfg = Debug|Any CPU
		{F41FCAEB-2531-43EF-A2D0-2236A16A5D0C}.Debug|x64.Build.0 = Debug|Any CPU
		{F41FCAEB-2531-43EF-A2D0-2236A16A5D0C}.Debug|x64.Deploy.0 = Debug|Any CPU
		{F41FCAEB-2531-43EF-A2D0-2236A16A5D0C}.Debug|x86.ActiveCfg = Debug|Any CPU
		{F41FCAEB-2531-43EF-A2D0-2236A16A5D0C}.Debug|x86.Build.0 = Debug|Any CPU
		{F41FCAEB-2531-43EF-A2D0-2236A16A5D0C}.Debug|x86.Deploy.0 = Debug|Any CPU
		{F41FCAEB-2531-43EF-A2D0-2236A16A5D0C}.Release|Any CPU.ActiveCfg = Release|Any CPU
		{F41FCAEB-2531-43EF-A2D0-2236A16A5D0C}.Release|Any CPU.Build.0 = Release|Any CPU
		{F41FCAEB-2531-43EF-A2D0-2236A16A5D0C}.Release|Any CPU.Deploy.0 = Release|Any CPU
		{F41FCAEB-2531-43EF-A2D0-2236A16A5D0C}.Release|ARM.ActiveCfg = Release|Any CPU
		{F41FCAEB-2531-43EF-A2D0-2236A16A5D0C}.Release|ARM.Build.0 = Release|Any CPU
		{F41FCAEB-2531-43EF-A2D0-2236A16A5D0C}.Release|ARM.Deploy.0 = Release|Any CPU
		{F41FCAEB-2531-43EF-A2D0-2236A16A5D0C}.Release|iPhone.ActiveCfg = Release|Any CPU
		{F41FCAEB-2531-43EF-A2D0-2236A16A5D0C}.Release|iPhone.Build.0 = Release|Any CPU
		{F41FCAEB-2531-43EF-A2D0-2236A16A5D0C}.Release|iPhone.Deploy.0 = Release|Any CPU
		{F41FCAEB-2531-43EF-A2D0-2236A16A5D0C}.Release|iPhoneSimulator.ActiveCfg = Release|Any CPU
		{F41FCAEB-2531-43EF-A2D0-2236A16A5D0C}.Release|iPhoneSimulator.Build.0 = Release|Any CPU
		{F41FCAEB-2531-43EF-A2D0-2236A16A5D0C}.Release|iPhoneSimulator.Deploy.0 = Release|Any CPU
		{F41FCAEB-2531-43EF-A2D0-2236A16A5D0C}.Release|x64.ActiveCfg = Release|Any CPU
		{F41FCAEB-2531-43EF-A2D0-2236A16A5D0C}.Release|x64.Build.0 = Release|Any CPU
		{F41FCAEB-2531-43EF-A2D0-2236A16A5D0C}.Release|x64.Deploy.0 = Release|Any CPU
		{F41FCAEB-2531-43EF-A2D0-2236A16A5D0C}.Release|x86.ActiveCfg = Release|Any CPU
		{F41FCAEB-2531-43EF-A2D0-2236A16A5D0C}.Release|x86.Build.0 = Release|Any CPU
		{F41FCAEB-2531-43EF-A2D0-2236A16A5D0C}.Release|x86.Deploy.0 = Release|Any CPU
		{D023AC1E-CA5A-4EE4-9AB8-C169483D2125}.Ad-Hoc|Any CPU.ActiveCfg = Ad-Hoc|iPhone
		{D023AC1E-CA5A-4EE4-9AB8-C169483D2125}.Ad-Hoc|ARM.ActiveCfg = Ad-Hoc|iPhone
		{D023AC1E-CA5A-4EE4-9AB8-C169483D2125}.Ad-Hoc|iPhone.ActiveCfg = Ad-Hoc|iPhone
		{D023AC1E-CA5A-4EE4-9AB8-C169483D2125}.Ad-Hoc|iPhone.Build.0 = Ad-Hoc|iPhone
		{D023AC1E-CA5A-4EE4-9AB8-C169483D2125}.Ad-Hoc|iPhoneSimulator.ActiveCfg = Ad-Hoc|iPhoneSimulator
		{D023AC1E-CA5A-4EE4-9AB8-C169483D2125}.Ad-Hoc|iPhoneSimulator.Build.0 = Ad-Hoc|iPhoneSimulator
		{D023AC1E-CA5A-4EE4-9AB8-C169483D2125}.Ad-Hoc|x64.ActiveCfg = Ad-Hoc|iPhone
		{D023AC1E-CA5A-4EE4-9AB8-C169483D2125}.Ad-Hoc|x86.ActiveCfg = Ad-Hoc|iPhone
		{D023AC1E-CA5A-4EE4-9AB8-C169483D2125}.AppStore|Any CPU.ActiveCfg = AppStore|iPhone
		{D023AC1E-CA5A-4EE4-9AB8-C169483D2125}.AppStore|ARM.ActiveCfg = AppStore|iPhone
		{D023AC1E-CA5A-4EE4-9AB8-C169483D2125}.AppStore|iPhone.ActiveCfg = AppStore|iPhone
		{D023AC1E-CA5A-4EE4-9AB8-C169483D2125}.AppStore|iPhone.Build.0 = AppStore|iPhone
		{D023AC1E-CA5A-4EE4-9AB8-C169483D2125}.AppStore|iPhoneSimulator.ActiveCfg = AppStore|iPhoneSimulator
		{D023AC1E-CA5A-4EE4-9AB8-C169483D2125}.AppStore|iPhoneSimulator.Build.0 = AppStore|iPhoneSimulator
		{D023AC1E-CA5A-4EE4-9AB8-C169483D2125}.AppStore|x64.ActiveCfg = AppStore|iPhone
		{D023AC1E-CA5A-4EE4-9AB8-C169483D2125}.AppStore|x86.ActiveCfg = AppStore|iPhone
		{D023AC1E-CA5A-4EE4-9AB8-C169483D2125}.Debug|Any CPU.ActiveCfg = Debug|iPhone
		{D023AC1E-CA5A-4EE4-9AB8-C169483D2125}.Debug|ARM.ActiveCfg = Debug|iPhone
		{D023AC1E-CA5A-4EE4-9AB8-C169483D2125}.Debug|iPhone.ActiveCfg = Debug|iPhone
		{D023AC1E-CA5A-4EE4-9AB8-C169483D2125}.Debug|iPhone.Build.0 = Debug|iPhone
		{D023AC1E-CA5A-4EE4-9AB8-C169483D2125}.Debug|iPhoneSimulator.ActiveCfg = Debug|iPhoneSimulator
		{D023AC1E-CA5A-4EE4-9AB8-C169483D2125}.Debug|iPhoneSimulator.Build.0 = Debug|iPhoneSimulator
		{D023AC1E-CA5A-4EE4-9AB8-C169483D2125}.Debug|x64.ActiveCfg = Debug|iPhone
		{D023AC1E-CA5A-4EE4-9AB8-C169483D2125}.Debug|x86.ActiveCfg = Debug|iPhone
		{D023AC1E-CA5A-4EE4-9AB8-C169483D2125}.Release|Any CPU.ActiveCfg = Release|iPhone
		{D023AC1E-CA5A-4EE4-9AB8-C169483D2125}.Release|ARM.ActiveCfg = Release|iPhone
		{D023AC1E-CA5A-4EE4-9AB8-C169483D2125}.Release|iPhone.ActiveCfg = Release|iPhone
		{D023AC1E-CA5A-4EE4-9AB8-C169483D2125}.Release|iPhone.Build.0 = Release|iPhone
		{D023AC1E-CA5A-4EE4-9AB8-C169483D2125}.Release|iPhoneSimulator.ActiveCfg = Release|iPhoneSimulator
		{D023AC1E-CA5A-4EE4-9AB8-C169483D2125}.Release|iPhoneSimulator.Build.0 = Release|iPhoneSimulator
		{D023AC1E-CA5A-4EE4-9AB8-C169483D2125}.Release|x64.ActiveCfg = Release|iPhone
		{D023AC1E-CA5A-4EE4-9AB8-C169483D2125}.Release|x86.ActiveCfg = Release|iPhone
		{F701C12C-99C2-4A21-8901-8AFC2B9DC8BA}.Ad-Hoc|Any CPU.ActiveCfg = Release|x86
		{F701C12C-99C2-4A21-8901-8AFC2B9DC8BA}.Ad-Hoc|Any CPU.Build.0 = Release|x86
		{F701C12C-99C2-4A21-8901-8AFC2B9DC8BA}.Ad-Hoc|Any CPU.Deploy.0 = Release|x86
		{F701C12C-99C2-4A21-8901-8AFC2B9DC8BA}.Ad-Hoc|ARM.ActiveCfg = Release|ARM
		{F701C12C-99C2-4A21-8901-8AFC2B9DC8BA}.Ad-Hoc|ARM.Build.0 = Release|ARM
		{F701C12C-99C2-4A21-8901-8AFC2B9DC8BA}.Ad-Hoc|ARM.Deploy.0 = Release|ARM
		{F701C12C-99C2-4A21-8901-8AFC2B9DC8BA}.Ad-Hoc|iPhone.ActiveCfg = Release|x86
		{F701C12C-99C2-4A21-8901-8AFC2B9DC8BA}.Ad-Hoc|iPhone.Build.0 = Release|x86
		{F701C12C-99C2-4A21-8901-8AFC2B9DC8BA}.Ad-Hoc|iPhone.Deploy.0 = Release|x86
		{F701C12C-99C2-4A21-8901-8AFC2B9DC8BA}.Ad-Hoc|iPhoneSimulator.ActiveCfg = Release|x86
		{F701C12C-99C2-4A21-8901-8AFC2B9DC8BA}.Ad-Hoc|iPhoneSimulator.Build.0 = Release|x86
		{F701C12C-99C2-4A21-8901-8AFC2B9DC8BA}.Ad-Hoc|iPhoneSimulator.Deploy.0 = Release|x86
		{F701C12C-99C2-4A21-8901-8AFC2B9DC8BA}.Ad-Hoc|x64.ActiveCfg = Release|x64
		{F701C12C-99C2-4A21-8901-8AFC2B9DC8BA}.Ad-Hoc|x64.Build.0 = Release|x64
		{F701C12C-99C2-4A21-8901-8AFC2B9DC8BA}.Ad-Hoc|x64.Deploy.0 = Release|x64
		{F701C12C-99C2-4A21-8901-8AFC2B9DC8BA}.Ad-Hoc|x86.ActiveCfg = Release|x86
		{F701C12C-99C2-4A21-8901-8AFC2B9DC8BA}.Ad-Hoc|x86.Build.0 = Release|x86
		{F701C12C-99C2-4A21-8901-8AFC2B9DC8BA}.Ad-Hoc|x86.Deploy.0 = Release|x86
		{F701C12C-99C2-4A21-8901-8AFC2B9DC8BA}.AppStore|Any CPU.ActiveCfg = Release|x86
		{F701C12C-99C2-4A21-8901-8AFC2B9DC8BA}.AppStore|Any CPU.Build.0 = Release|x86
		{F701C12C-99C2-4A21-8901-8AFC2B9DC8BA}.AppStore|Any CPU.Deploy.0 = Release|x86
		{F701C12C-99C2-4A21-8901-8AFC2B9DC8BA}.AppStore|ARM.ActiveCfg = Release|ARM
		{F701C12C-99C2-4A21-8901-8AFC2B9DC8BA}.AppStore|ARM.Build.0 = Release|ARM
		{F701C12C-99C2-4A21-8901-8AFC2B9DC8BA}.AppStore|ARM.Deploy.0 = Release|ARM
		{F701C12C-99C2-4A21-8901-8AFC2B9DC8BA}.AppStore|iPhone.ActiveCfg = Release|x86
		{F701C12C-99C2-4A21-8901-8AFC2B9DC8BA}.AppStore|iPhone.Build.0 = Release|x86
		{F701C12C-99C2-4A21-8901-8AFC2B9DC8BA}.AppStore|iPhone.Deploy.0 = Release|x86
		{F701C12C-99C2-4A21-8901-8AFC2B9DC8BA}.AppStore|iPhoneSimulator.ActiveCfg = Release|x86
		{F701C12C-99C2-4A21-8901-8AFC2B9DC8BA}.AppStore|iPhoneSimulator.Build.0 = Release|x86
		{F701C12C-99C2-4A21-8901-8AFC2B9DC8BA}.AppStore|iPhoneSimulator.Deploy.0 = Release|x86
		{F701C12C-99C2-4A21-8901-8AFC2B9DC8BA}.AppStore|x64.ActiveCfg = Release|x64
		{F701C12C-99C2-4A21-8901-8AFC2B9DC8BA}.AppStore|x64.Build.0 = Release|x64
		{F701C12C-99C2-4A21-8901-8AFC2B9DC8BA}.AppStore|x64.Deploy.0 = Release|x64
		{F701C12C-99C2-4A21-8901-8AFC2B9DC8BA}.AppStore|x86.ActiveCfg = Release|x86
		{F701C12C-99C2-4A21-8901-8AFC2B9DC8BA}.AppStore|x86.Build.0 = Release|x86
		{F701C12C-99C2-4A21-8901-8AFC2B9DC8BA}.AppStore|x86.Deploy.0 = Release|x86
		{F701C12C-99C2-4A21-8901-8AFC2B9DC8BA}.Debug|Any CPU.ActiveCfg = Debug|x86
		{F701C12C-99C2-4A21-8901-8AFC2B9DC8BA}.Debug|ARM.ActiveCfg = Debug|ARM
		{F701C12C-99C2-4A21-8901-8AFC2B9DC8BA}.Debug|ARM.Build.0 = Debug|ARM
		{F701C12C-99C2-4A21-8901-8AFC2B9DC8BA}.Debug|ARM.Deploy.0 = Debug|ARM
		{F701C12C-99C2-4A21-8901-8AFC2B9DC8BA}.Debug|iPhone.ActiveCfg = Debug|x86
		{F701C12C-99C2-4A21-8901-8AFC2B9DC8BA}.Debug|iPhoneSimulator.ActiveCfg = Debug|x86
		{F701C12C-99C2-4A21-8901-8AFC2B9DC8BA}.Debug|x64.ActiveCfg = Debug|x64
		{F701C12C-99C2-4A21-8901-8AFC2B9DC8BA}.Debug|x64.Build.0 = Debug|x64
		{F701C12C-99C2-4A21-8901-8AFC2B9DC8BA}.Debug|x64.Deploy.0 = Debug|x64
		{F701C12C-99C2-4A21-8901-8AFC2B9DC8BA}.Debug|x86.ActiveCfg = Debug|x86
		{F701C12C-99C2-4A21-8901-8AFC2B9DC8BA}.Debug|x86.Build.0 = Debug|x86
		{F701C12C-99C2-4A21-8901-8AFC2B9DC8BA}.Debug|x86.Deploy.0 = Debug|x86
		{F701C12C-99C2-4A21-8901-8AFC2B9DC8BA}.Release|Any CPU.ActiveCfg = Release|x86
		{F701C12C-99C2-4A21-8901-8AFC2B9DC8BA}.Release|ARM.ActiveCfg = Release|ARM
		{F701C12C-99C2-4A21-8901-8AFC2B9DC8BA}.Release|ARM.Build.0 = Release|ARM
		{F701C12C-99C2-4A21-8901-8AFC2B9DC8BA}.Release|ARM.Deploy.0 = Release|ARM
		{F701C12C-99C2-4A21-8901-8AFC2B9DC8BA}.Release|iPhone.ActiveCfg = Release|x86
		{F701C12C-99C2-4A21-8901-8AFC2B9DC8BA}.Release|iPhoneSimulator.ActiveCfg = Release|x86
		{F701C12C-99C2-4A21-8901-8AFC2B9DC8BA}.Release|x64.ActiveCfg = Release|x64
		{F701C12C-99C2-4A21-8901-8AFC2B9DC8BA}.Release|x64.Build.0 = Release|x64
		{F701C12C-99C2-4A21-8901-8AFC2B9DC8BA}.Release|x64.Deploy.0 = Release|x64
		{F701C12C-99C2-4A21-8901-8AFC2B9DC8BA}.Release|x86.ActiveCfg = Release|x86
		{F701C12C-99C2-4A21-8901-8AFC2B9DC8BA}.Release|x86.Build.0 = Release|x86
		{F701C12C-99C2-4A21-8901-8AFC2B9DC8BA}.Release|x86.Deploy.0 = Release|x86
		{A6BFC38E-3680-428A-A520-ECD430D8664B}.Ad-Hoc|Any CPU.ActiveCfg = Debug|Any CPU
		{A6BFC38E-3680-428A-A520-ECD430D8664B}.Ad-Hoc|Any CPU.Build.0 = Debug|Any CPU
		{A6BFC38E-3680-428A-A520-ECD430D8664B}.Ad-Hoc|ARM.ActiveCfg = Debug|Any CPU
		{A6BFC38E-3680-428A-A520-ECD430D8664B}.Ad-Hoc|ARM.Build.0 = Debug|Any CPU
		{A6BFC38E-3680-428A-A520-ECD430D8664B}.Ad-Hoc|iPhone.ActiveCfg = Debug|Any CPU
		{A6BFC38E-3680-428A-A520-ECD430D8664B}.Ad-Hoc|iPhone.Build.0 = Debug|Any CPU
		{A6BFC38E-3680-428A-A520-ECD430D8664B}.Ad-Hoc|iPhoneSimulator.ActiveCfg = Debug|Any CPU
		{A6BFC38E-3680-428A-A520-ECD430D8664B}.Ad-Hoc|iPhoneSimulator.Build.0 = Debug|Any CPU
		{A6BFC38E-3680-428A-A520-ECD430D8664B}.Ad-Hoc|x64.ActiveCfg = Debug|Any CPU
		{A6BFC38E-3680-428A-A520-ECD430D8664B}.Ad-Hoc|x64.Build.0 = Debug|Any CPU
		{A6BFC38E-3680-428A-A520-ECD430D8664B}.Ad-Hoc|x86.ActiveCfg = Debug|Any CPU
		{A6BFC38E-3680-428A-A520-ECD430D8664B}.Ad-Hoc|x86.Build.0 = Debug|Any CPU
		{A6BFC38E-3680-428A-A520-ECD430D8664B}.AppStore|Any CPU.ActiveCfg = Debug|Any CPU
		{A6BFC38E-3680-428A-A520-ECD430D8664B}.AppStore|Any CPU.Build.0 = Debug|Any CPU
		{A6BFC38E-3680-428A-A520-ECD430D8664B}.AppStore|ARM.ActiveCfg = Debug|Any CPU
		{A6BFC38E-3680-428A-A520-ECD430D8664B}.AppStore|ARM.Build.0 = Debug|Any CPU
		{A6BFC38E-3680-428A-A520-ECD430D8664B}.AppStore|iPhone.ActiveCfg = Debug|Any CPU
		{A6BFC38E-3680-428A-A520-ECD430D8664B}.AppStore|iPhone.Build.0 = Debug|Any CPU
		{A6BFC38E-3680-428A-A520-ECD430D8664B}.AppStore|iPhoneSimulator.ActiveCfg = Debug|Any CPU
		{A6BFC38E-3680-428A-A520-ECD430D8664B}.AppStore|iPhoneSimulator.Build.0 = Debug|Any CPU
		{A6BFC38E-3680-428A-A520-ECD430D8664B}.AppStore|x64.ActiveCfg = Debug|Any CPU
		{A6BFC38E-3680-428A-A520-ECD430D8664B}.AppStore|x64.Build.0 = Debug|Any CPU
		{A6BFC38E-3680-428A-A520-ECD430D8664B}.AppStore|x86.ActiveCfg = Debug|Any CPU
		{A6BFC38E-3680-428A-A520-ECD430D8664B}.AppStore|x86.Build.0 = Debug|Any CPU
		{A6BFC38E-3680-428A-A520-ECD430D8664B}.Debug|Any CPU.ActiveCfg = Debug|Any CPU
		{A6BFC38E-3680-428A-A520-ECD430D8664B}.Debug|Any CPU.Build.0 = Debug|Any CPU
		{A6BFC38E-3680-428A-A520-ECD430D8664B}.Debug|ARM.ActiveCfg = Debug|Any CPU
		{A6BFC38E-3680-428A-A520-ECD430D8664B}.Debug|ARM.Build.0 = Debug|Any CPU
		{A6BFC38E-3680-428A-A520-ECD430D8664B}.Debug|iPhone.ActiveCfg = Debug|Any CPU
		{A6BFC38E-3680-428A-A520-ECD430D8664B}.Debug|iPhone.Build.0 = Debug|Any CPU
		{A6BFC38E-3680-428A-A520-ECD430D8664B}.Debug|iPhoneSimulator.ActiveCfg = Debug|Any CPU
		{A6BFC38E-3680-428A-A520-ECD430D8664B}.Debug|iPhoneSimulator.Build.0 = Debug|Any CPU
		{A6BFC38E-3680-428A-A520-ECD430D8664B}.Debug|x64.ActiveCfg = Debug|Any CPU
		{A6BFC38E-3680-428A-A520-ECD430D8664B}.Debug|x64.Build.0 = Debug|Any CPU
		{A6BFC38E-3680-428A-A520-ECD430D8664B}.Debug|x86.ActiveCfg = Debug|Any CPU
		{A6BFC38E-3680-428A-A520-ECD430D8664B}.Debug|x86.Build.0 = Debug|Any CPU
		{A6BFC38E-3680-428A-A520-ECD430D8664B}.Release|Any CPU.ActiveCfg = Release|Any CPU
		{A6BFC38E-3680-428A-A520-ECD430D8664B}.Release|Any CPU.Build.0 = Release|Any CPU
		{A6BFC38E-3680-428A-A520-ECD430D8664B}.Release|ARM.ActiveCfg = Release|Any CPU
		{A6BFC38E-3680-428A-A520-ECD430D8664B}.Release|ARM.Build.0 = Release|Any CPU
		{A6BFC38E-3680-428A-A520-ECD430D8664B}.Release|iPhone.ActiveCfg = Release|Any CPU
		{A6BFC38E-3680-428A-A520-ECD430D8664B}.Release|iPhone.Build.0 = Release|Any CPU
		{A6BFC38E-3680-428A-A520-ECD430D8664B}.Release|iPhoneSimulator.ActiveCfg = Release|Any CPU
		{A6BFC38E-3680-428A-A520-ECD430D8664B}.Release|iPhoneSimulator.Build.0 = Release|Any CPU
		{A6BFC38E-3680-428A-A520-ECD430D8664B}.Release|x64.ActiveCfg = Release|Any CPU
		{A6BFC38E-3680-428A-A520-ECD430D8664B}.Release|x64.Build.0 = Release|Any CPU
		{A6BFC38E-3680-428A-A520-ECD430D8664B}.Release|x86.ActiveCfg = Release|Any CPU
		{A6BFC38E-3680-428A-A520-ECD430D8664B}.Release|x86.Build.0 = Release|Any CPU
		{4BD400D2-DFD2-44F0-BCE2-995AA60893EC}.Ad-Hoc|Any CPU.ActiveCfg = Debug|Any CPU
		{4BD400D2-DFD2-44F0-BCE2-995AA60893EC}.Ad-Hoc|Any CPU.Build.0 = Debug|Any CPU
		{4BD400D2-DFD2-44F0-BCE2-995AA60893EC}.Ad-Hoc|ARM.ActiveCfg = Debug|Any CPU
		{4BD400D2-DFD2-44F0-BCE2-995AA60893EC}.Ad-Hoc|ARM.Build.0 = Debug|Any CPU
		{4BD400D2-DFD2-44F0-BCE2-995AA60893EC}.Ad-Hoc|iPhone.ActiveCfg = Debug|Any CPU
		{4BD400D2-DFD2-44F0-BCE2-995AA60893EC}.Ad-Hoc|iPhone.Build.0 = Debug|Any CPU
		{4BD400D2-DFD2-44F0-BCE2-995AA60893EC}.Ad-Hoc|iPhoneSimulator.ActiveCfg = Debug|Any CPU
		{4BD400D2-DFD2-44F0-BCE2-995AA60893EC}.Ad-Hoc|iPhoneSimulator.Build.0 = Debug|Any CPU
		{4BD400D2-DFD2-44F0-BCE2-995AA60893EC}.Ad-Hoc|x64.ActiveCfg = Debug|Any CPU
		{4BD400D2-DFD2-44F0-BCE2-995AA60893EC}.Ad-Hoc|x64.Build.0 = Debug|Any CPU
		{4BD400D2-DFD2-44F0-BCE2-995AA60893EC}.Ad-Hoc|x86.ActiveCfg = Debug|Any CPU
		{4BD400D2-DFD2-44F0-BCE2-995AA60893EC}.Ad-Hoc|x86.Build.0 = Debug|Any CPU
		{4BD400D2-DFD2-44F0-BCE2-995AA60893EC}.AppStore|Any CPU.ActiveCfg = Debug|Any CPU
		{4BD400D2-DFD2-44F0-BCE2-995AA60893EC}.AppStore|Any CPU.Build.0 = Debug|Any CPU
		{4BD400D2-DFD2-44F0-BCE2-995AA60893EC}.AppStore|ARM.ActiveCfg = Debug|Any CPU
		{4BD400D2-DFD2-44F0-BCE2-995AA60893EC}.AppStore|ARM.Build.0 = Debug|Any CPU
		{4BD400D2-DFD2-44F0-BCE2-995AA60893EC}.AppStore|iPhone.ActiveCfg = Debug|Any CPU
		{4BD400D2-DFD2-44F0-BCE2-995AA60893EC}.AppStore|iPhone.Build.0 = Debug|Any CPU
		{4BD400D2-DFD2-44F0-BCE2-995AA60893EC}.AppStore|iPhoneSimulator.ActiveCfg = Debug|Any CPU
		{4BD400D2-DFD2-44F0-BCE2-995AA60893EC}.AppStore|iPhoneSimulator.Build.0 = Debug|Any CPU
		{4BD400D2-DFD2-44F0-BCE2-995AA60893EC}.AppStore|x64.ActiveCfg = Debug|Any CPU
		{4BD400D2-DFD2-44F0-BCE2-995AA60893EC}.AppStore|x64.Build.0 = Debug|Any CPU
		{4BD400D2-DFD2-44F0-BCE2-995AA60893EC}.AppStore|x86.ActiveCfg = Debug|Any CPU
		{4BD400D2-DFD2-44F0-BCE2-995AA60893EC}.AppStore|x86.Build.0 = Debug|Any CPU
		{4BD400D2-DFD2-44F0-BCE2-995AA60893EC}.Debug|Any CPU.ActiveCfg = Debug|Any CPU
		{4BD400D2-DFD2-44F0-BCE2-995AA60893EC}.Debug|Any CPU.Build.0 = Debug|Any CPU
		{4BD400D2-DFD2-44F0-BCE2-995AA60893EC}.Debug|ARM.ActiveCfg = Debug|Any CPU
		{4BD400D2-DFD2-44F0-BCE2-995AA60893EC}.Debug|ARM.Build.0 = Debug|Any CPU
		{4BD400D2-DFD2-44F0-BCE2-995AA60893EC}.Debug|iPhone.ActiveCfg = Debug|Any CPU
		{4BD400D2-DFD2-44F0-BCE2-995AA60893EC}.Debug|iPhone.Build.0 = Debug|Any CPU
		{4BD400D2-DFD2-44F0-BCE2-995AA60893EC}.Debug|iPhoneSimulator.ActiveCfg = Debug|Any CPU
		{4BD400D2-DFD2-44F0-BCE2-995AA60893EC}.Debug|iPhoneSimulator.Build.0 = Debug|Any CPU
		{4BD400D2-DFD2-44F0-BCE2-995AA60893EC}.Debug|x64.ActiveCfg = Debug|Any CPU
		{4BD400D2-DFD2-44F0-BCE2-995AA60893EC}.Debug|x64.Build.0 = Debug|Any CPU
		{4BD400D2-DFD2-44F0-BCE2-995AA60893EC}.Debug|x86.ActiveCfg = Debug|Any CPU
		{4BD400D2-DFD2-44F0-BCE2-995AA60893EC}.Debug|x86.Build.0 = Debug|Any CPU
		{4BD400D2-DFD2-44F0-BCE2-995AA60893EC}.Release|Any CPU.ActiveCfg = Release|Any CPU
		{4BD400D2-DFD2-44F0-BCE2-995AA60893EC}.Release|Any CPU.Build.0 = Release|Any CPU
		{4BD400D2-DFD2-44F0-BCE2-995AA60893EC}.Release|ARM.ActiveCfg = Release|Any CPU
		{4BD400D2-DFD2-44F0-BCE2-995AA60893EC}.Release|ARM.Build.0 = Release|Any CPU
		{4BD400D2-DFD2-44F0-BCE2-995AA60893EC}.Release|iPhone.ActiveCfg = Release|Any CPU
		{4BD400D2-DFD2-44F0-BCE2-995AA60893EC}.Release|iPhone.Build.0 = Release|Any CPU
		{4BD400D2-DFD2-44F0-BCE2-995AA60893EC}.Release|iPhoneSimulator.ActiveCfg = Release|Any CPU
		{4BD400D2-DFD2-44F0-BCE2-995AA60893EC}.Release|iPhoneSimulator.Build.0 = Release|Any CPU
		{4BD400D2-DFD2-44F0-BCE2-995AA60893EC}.Release|x64.ActiveCfg = Release|Any CPU
		{4BD400D2-DFD2-44F0-BCE2-995AA60893EC}.Release|x64.Build.0 = Release|Any CPU
		{4BD400D2-DFD2-44F0-BCE2-995AA60893EC}.Release|x86.ActiveCfg = Release|Any CPU
		{4BD400D2-DFD2-44F0-BCE2-995AA60893EC}.Release|x86.Build.0 = Release|Any CPU
	EndGlobalSection
	GlobalSection(SolutionProperties) = preSolution
		HideSolutionNode = FALSE
	EndGlobalSection
	GlobalSection(ExtensibilityGlobals) = postSolution
		SolutionGuid = {15A68A70-F48C-4B6F-AB40-8EF85A5E21C4}
	EndGlobalSection
EndGlobal
